// !$*UTF8*$!
{
	archiveVersion = 1;
	classes = {
	};
	objectVersion = 46;
	objects = {

/* Begin PBXBuildFile section */
		9B00B9AC189AF62700B34C77 /* main.cpp in Sources */ = {isa = PBXBuildFile; fileRef = 9B00B9AB189AF62700B34C77 /* main.cpp */; };
		9B00B9AE189AF62700B34C77 /* finalReportReformer.1 in CopyFiles */ = {isa = PBXBuildFile; fileRef = 9B00B9AD189AF62700B34C77 /* finalReportReformer.1 */; };
		9B00B9B2189AFFDD00B34C77 /* logger.cpp in Sources */ = {isa = PBXBuildFile; fileRef = 9B71AFCD183EB30500C285E7 /* logger.cpp */; };
		9B0E01A01DFDAFEC003B4C7B /* bout2haplotype.cpp in Sources */ = {isa = PBXBuildFile; fileRef = 9B0E01981DFDAFEC003B4C7B /* bout2haplotype.cpp */; };
		9B0E01A11DFDAFEC003B4C7B /* geneticMap.cpp in Sources */ = {isa = PBXBuildFile; fileRef = 9B0E01991DFDAFEC003B4C7B /* geneticMap.cpp */; };
		9B0E01A41DFDB014003B4C7B /* vcf2haplotype.cpp in Sources */ = {isa = PBXBuildFile; fileRef = 9B0E019D1DFDAFEC003B4C7B /* vcf2haplotype.cpp */; };
		9B0E01A51DFDB020003B4C7B /* VCF_Record.cpp in Sources */ = {isa = PBXBuildFile; fileRef = 9B0E019B1DFDAFEC003B4C7B /* VCF_Record.cpp */; };
		9B0E01A61DFDB031003B4C7B /* beagleOutput.cpp in Sources */ = {isa = PBXBuildFile; fileRef = 9B0E01951DFDAFEC003B4C7B /* beagleOutput.cpp */; };
		9B0E01A71DFDB043003B4C7B /* bout2genotype.cpp in Sources */ = {isa = PBXBuildFile; fileRef = 9B0E01971DFDAFEC003B4C7B /* bout2genotype.cpp */; };
		9B0E01A81DFDB08E003B4C7B /* beagleOutput.cpp in Sources */ = {isa = PBXBuildFile; fileRef = 9B0E01951DFDAFEC003B4C7B /* beagleOutput.cpp */; };
		9B0E01A91DFDB096003B4C7B /* geneticMap.cpp in Sources */ = {isa = PBXBuildFile; fileRef = 9B0E01991DFDAFEC003B4C7B /* geneticMap.cpp */; };
		9B0E01AA1DFDB096003B4C7B /* geneticMap.cpp in Sources */ = {isa = PBXBuildFile; fileRef = 9B0E01991DFDAFEC003B4C7B /* geneticMap.cpp */; };
		9B0E01AB1DFDB0A7003B4C7B /* bout2haplotype.cpp in Sources */ = {isa = PBXBuildFile; fileRef = 9B0E01981DFDAFEC003B4C7B /* bout2haplotype.cpp */; };
		9B31035318BFB06400FECEAC /* logger.cpp in Sources */ = {isa = PBXBuildFile; fileRef = 9B71AFCD183EB30500C285E7 /* logger.cpp */; };
		9B37B100187C87EE008B6F91 /* main.cpp in Sources */ = {isa = PBXBuildFile; fileRef = 9B37B0FF187C87EE008B6F91 /* main.cpp */; };
		9B37B102187C87EE008B6F91 /* ReadMe.1 in CopyFiles */ = {isa = PBXBuildFile; fileRef = 9B37B101187C87EE008B6F91 /* ReadMe.1 */; };
		9B37B106187C8F12008B6F91 /* logger.cpp in Sources */ = {isa = PBXBuildFile; fileRef = 9B71AFCD183EB30500C285E7 /* logger.cpp */; };
		9B39C9C91DFCB9DE00EFBFB1 /* abg2FImpute.cpp in Sources */ = {isa = PBXBuildFile; fileRef = 9B39C9C61DFCB99000EFBFB1 /* abg2FImpute.cpp */; };
		9B39C9CA1DFCBA2A00EFBFB1 /* logger.cpp in Sources */ = {isa = PBXBuildFile; fileRef = 9B71AFCD183EB30500C285E7 /* logger.cpp */; };
		9B39C9D81DFCBAB800EFBFB1 /* mapUniter.cpp in Sources */ = {isa = PBXBuildFile; fileRef = 9B39C9D61DFCBAB800EFBFB1 /* mapUniter.cpp */; };
		9B39C9D91DFCBAF900EFBFB1 /* logger.cpp in Sources */ = {isa = PBXBuildFile; fileRef = 9B71AFCD183EB30500C285E7 /* logger.cpp */; };
		9B39C9E91DFCBB4C00EFBFB1 /* abg2findhap.cpp in Sources */ = {isa = PBXBuildFile; fileRef = 9B39C9E51DFCBB4C00EFBFB1 /* abg2findhap.cpp */; };
		9B39C9EC1DFCBC1800EFBFB1 /* logger.cpp in Sources */ = {isa = PBXBuildFile; fileRef = 9B71AFCD183EB30500C285E7 /* logger.cpp */; };
		9B39C9F81DFCBCDB00EFBFB1 /* fhout2fiout.cpp in Sources */ = {isa = PBXBuildFile; fileRef = 9B39C9E71DFCBB4C00EFBFB1 /* fhout2fiout.cpp */; };
		9B39C9F91DFCBCE800EFBFB1 /* logger.cpp in Sources */ = {isa = PBXBuildFile; fileRef = 9B71AFCD183EB30500C285E7 /* logger.cpp */; };
		9B39CA051DFCBD0800EFBFB1 /* fhout2hapview.cpp in Sources */ = {isa = PBXBuildFile; fileRef = 9B39C9E81DFCBB4C00EFBFB1 /* fhout2hapview.cpp */; };
		9B39CA061DFCBD0D00EFBFB1 /* logger.cpp in Sources */ = {isa = PBXBuildFile; fileRef = 9B71AFCD183EB30500C285E7 /* logger.cpp */; };
		9B39CA171DFCBEF100EFBFB1 /* fout2abg.cpp in Sources */ = {isa = PBXBuildFile; fileRef = 9B39CA161DFCBEF100EFBFB1 /* fout2abg.cpp */; };
		9B39CA231DFCBFE200EFBFB1 /* logger.cpp in Sources */ = {isa = PBXBuildFile; fileRef = 9B71AFCD183EB30500C285E7 /* logger.cpp */; };
		9B39CA241DFCBFE300EFBFB1 /* logger.cpp in Sources */ = {isa = PBXBuildFile; fileRef = 9B71AFCD183EB30500C285E7 /* logger.cpp */; };
		9B39CA271DFCC00A00EFBFB1 /* fout2haplotype.cpp in Sources */ = {isa = PBXBuildFile; fileRef = 9B39CA251DFCC00A00EFBFB1 /* fout2haplotype.cpp */; };
		9B39CA341DFCC2FF00EFBFB1 /* abg2M.cpp in Sources */ = {isa = PBXBuildFile; fileRef = 9B39CA331DFCC2FF00EFBFB1 /* abg2M.cpp */; };
		9B39CA421DFCC4F500EFBFB1 /* logger.cpp in Sources */ = {isa = PBXBuildFile; fileRef = 9B71AFCD183EB30500C285E7 /* logger.cpp */; };
		9B39CA5E1DFCC8EE00EFBFB1 /* logger.cpp in Sources */ = {isa = PBXBuildFile; fileRef = 9B71AFCD183EB30500C285E7 /* logger.cpp */; };
		9B39CA6B1DFCC99A00EFBFB1 /* logger.cpp in Sources */ = {isa = PBXBuildFile; fileRef = 9B71AFCD183EB30500C285E7 /* logger.cpp */; };
		9B44E1D318AA94C2000D16FF /* SNPipeline_pooledAB2VCF41.cpp in Sources */ = {isa = PBXBuildFile; fileRef = 9B44E1D118AA94C2000D16FF /* SNPipeline_pooledAB2VCF41.cpp */; };
		9B44E1D418AA9589000D16FF /* logger.cpp in Sources */ = {isa = PBXBuildFile; fileRef = 9B71AFCD183EB30500C285E7 /* logger.cpp */; };
		9B5F04501899725A00ADA790 /* data.cpp in Sources */ = {isa = PBXBuildFile; fileRef = 9B5F044E1899725A00ADA790 /* data.cpp */; };
		9B71AFD4183EB30500C285E7 /* logger.cpp in Sources */ = {isa = PBXBuildFile; fileRef = 9B71AFCD183EB30500C285E7 /* logger.cpp */; };
		9B71AFD6183EB30500C285E7 /* SNPipeline.cpp in Sources */ = {isa = PBXBuildFile; fileRef = 9B71AFD1183EB30500C285E7 /* SNPipeline.cpp */; };
		9B71AFE5183EB3BB00C285E7 /* SNPipeline.mergingAB.cpp in Sources */ = {isa = PBXBuildFile; fileRef = 9B71AFE4183EB3BB00C285E7 /* SNPipeline.mergingAB.cpp */; };
		9B72C0B018C5157F00CD599B /* SNPipeline.abg2bin.cpp in Sources */ = {isa = PBXBuildFile; fileRef = 9B72C0AF18C5157F00CD599B /* SNPipeline.abg2bin.cpp */; };
		9B72C0B218C5157F00CD599B /* SNPipeline_abg2bin.1 in CopyFiles */ = {isa = PBXBuildFile; fileRef = 9B72C0B118C5157F00CD599B /* SNPipeline_abg2bin.1 */; };
		9B72C0BD18C51A0000CD599B /* SNPipeline.abgExcl.cpp in Sources */ = {isa = PBXBuildFile; fileRef = 9B72C0BC18C51A0000CD599B /* SNPipeline.abgExcl.cpp */; };
		9B72C0BF18C51A0000CD599B /* SNPipeline_abgExcl.1 in CopyFiles */ = {isa = PBXBuildFile; fileRef = 9B72C0BE18C51A0000CD599B /* SNPipeline_abgExcl.1 */; };
		9B73BCFE18400399005FB272 /* logger.cpp in Sources */ = {isa = PBXBuildFile; fileRef = 9B71AFCD183EB30500C285E7 /* logger.cpp */; };
		9B8A26B218BE9472007884B5 /* SNPipeline_VCF2AB.1 in CopyFiles */ = {isa = PBXBuildFile; fileRef = 9B8A26B118BE9472007884B5 /* SNPipeline_VCF2AB.1 */; };
		9B8A26B818BE94A6007884B5 /* SNPipeline_VCF2AB.cpp in Sources */ = {isa = PBXBuildFile; fileRef = 9B8A26B618BE94A6007884B5 /* SNPipeline_VCF2AB.cpp */; };
		9BBF89391D63A6A200139818 /* gReplace.cpp in Sources */ = {isa = PBXBuildFile; fileRef = 9BBF89371D63A6A200139818 /* gReplace.cpp */; };
		9BBF89471D63A6EA00139818 /* ggrep.cpp in Sources */ = {isa = PBXBuildFile; fileRef = 9BBF89451D63A6EA00139818 /* ggrep.cpp */; };
/* End PBXBuildFile section */

/* Begin PBXCopyFilesBuildPhase section */
		9B00B9A7189AF62700B34C77 /* CopyFiles */ = {
			isa = PBXCopyFilesBuildPhase;
			buildActionMask = 2147483647;
			dstPath = /usr/share/man/man1/;
			dstSubfolderSpec = 0;
			files = (
				9B00B9AE189AF62700B34C77 /* finalReportReformer.1 in CopyFiles */,
			);
			runOnlyForDeploymentPostprocessing = 1;
		};
		9B37B0FB187C87EE008B6F91 /* CopyFiles */ = {
			isa = PBXCopyFilesBuildPhase;
			buildActionMask = 2147483647;
			dstPath = /usr/share/man/man1/;
			dstSubfolderSpec = 0;
			files = (
				9B37B102187C87EE008B6F91 /* ReadMe.1 in CopyFiles */,
			);
			runOnlyForDeploymentPostprocessing = 1;
		};
		9B39C9BD1DFCB97500EFBFB1 /* CopyFiles */ = {
			isa = PBXCopyFilesBuildPhase;
			buildActionMask = 2147483647;
			dstPath = /usr/share/man/man1/;
			dstSubfolderSpec = 0;
			files = (
			);
			runOnlyForDeploymentPostprocessing = 1;
		};
		9B39C9CD1DFCBAA900EFBFB1 /* CopyFiles */ = {
			isa = PBXCopyFilesBuildPhase;
			buildActionMask = 2147483647;
			dstPath = /usr/share/man/man1/;
			dstSubfolderSpec = 0;
			files = (
			);
			runOnlyForDeploymentPostprocessing = 1;
		};
		9B39C9DC1DFCBB3700EFBFB1 /* CopyFiles */ = {
			isa = PBXCopyFilesBuildPhase;
			buildActionMask = 2147483647;
			dstPath = /usr/share/man/man1/;
			dstSubfolderSpec = 0;
			files = (
			);
			runOnlyForDeploymentPostprocessing = 1;
		};
		9B39C9EF1DFCBCC500EFBFB1 /* CopyFiles */ = {
			isa = PBXCopyFilesBuildPhase;
			buildActionMask = 2147483647;
			dstPath = /usr/share/man/man1/;
			dstSubfolderSpec = 0;
			files = (
			);
			runOnlyForDeploymentPostprocessing = 1;
		};
		9B39C9FC1DFCBCFB00EFBFB1 /* CopyFiles */ = {
			isa = PBXCopyFilesBuildPhase;
			buildActionMask = 2147483647;
			dstPath = /usr/share/man/man1/;
			dstSubfolderSpec = 0;
			files = (
			);
			runOnlyForDeploymentPostprocessing = 1;
		};
		9B39CA091DFCBE8A00EFBFB1 /* CopyFiles */ = {
			isa = PBXCopyFilesBuildPhase;
			buildActionMask = 2147483647;
			dstPath = /usr/share/man/man1/;
			dstSubfolderSpec = 0;
			files = (
			);
			runOnlyForDeploymentPostprocessing = 1;
		};
		9B39CA1A1DFCBFC800EFBFB1 /* CopyFiles */ = {
			isa = PBXCopyFilesBuildPhase;
			buildActionMask = 2147483647;
			dstPath = /usr/share/man/man1/;
			dstSubfolderSpec = 0;
			files = (
			);
			runOnlyForDeploymentPostprocessing = 1;
		};
		9B39CA2A1DFCC2E000EFBFB1 /* CopyFiles */ = {
			isa = PBXCopyFilesBuildPhase;
			buildActionMask = 2147483647;
			dstPath = /usr/share/man/man1/;
			dstSubfolderSpec = 0;
			files = (
			);
			runOnlyForDeploymentPostprocessing = 1;
		};
		9B39CA371DFCC4C300EFBFB1 /* CopyFiles */ = {
			isa = PBXCopyFilesBuildPhase;
			buildActionMask = 2147483647;
			dstPath = /usr/share/man/man1/;
			dstSubfolderSpec = 0;
			files = (
			);
			runOnlyForDeploymentPostprocessing = 1;
		};
		9B39CA521DFCC89400EFBFB1 /* CopyFiles */ = {
			isa = PBXCopyFilesBuildPhase;
			buildActionMask = 2147483647;
			dstPath = /usr/share/man/man1/;
			dstSubfolderSpec = 0;
			files = (
			);
			runOnlyForDeploymentPostprocessing = 1;
		};
		9B39CA611DFCC97E00EFBFB1 /* CopyFiles */ = {
			isa = PBXCopyFilesBuildPhase;
			buildActionMask = 2147483647;
			dstPath = /usr/share/man/man1/;
			dstSubfolderSpec = 0;
			files = (
			);
			runOnlyForDeploymentPostprocessing = 1;
		};
		9B44E1C618AA9490000D16FF /* CopyFiles */ = {
			isa = PBXCopyFilesBuildPhase;
			buildActionMask = 2147483647;
			dstPath = /usr/share/man/man1/;
			dstSubfolderSpec = 0;
			files = (
			);
			runOnlyForDeploymentPostprocessing = 1;
		};
		9B71AFBB183EB27100C285E7 /* CopyFiles */ = {
			isa = PBXCopyFilesBuildPhase;
			buildActionMask = 2147483647;
			dstPath = /usr/share/man/man1/;
			dstSubfolderSpec = 0;
			files = (
			);
			runOnlyForDeploymentPostprocessing = 1;
		};
		9B71AFD9183EB38600C285E7 /* CopyFiles */ = {
			isa = PBXCopyFilesBuildPhase;
			buildActionMask = 2147483647;
			dstPath = /usr/share/man/man1/;
			dstSubfolderSpec = 0;
			files = (
			);
			runOnlyForDeploymentPostprocessing = 1;
		};
		9B72C0AB18C5157F00CD599B /* CopyFiles */ = {
			isa = PBXCopyFilesBuildPhase;
			buildActionMask = 2147483647;
			dstPath = /usr/share/man/man1/;
			dstSubfolderSpec = 0;
			files = (
				9B72C0B218C5157F00CD599B /* SNPipeline_abg2bin.1 in CopyFiles */,
			);
			runOnlyForDeploymentPostprocessing = 1;
		};
		9B72C0B818C51A0000CD599B /* CopyFiles */ = {
			isa = PBXCopyFilesBuildPhase;
			buildActionMask = 2147483647;
			dstPath = /usr/share/man/man1/;
			dstSubfolderSpec = 0;
			files = (
				9B72C0BF18C51A0000CD599B /* SNPipeline_abgExcl.1 in CopyFiles */,
			);
			runOnlyForDeploymentPostprocessing = 1;
		};
		9B8A26AB18BE9471007884B5 /* CopyFiles */ = {
			isa = PBXCopyFilesBuildPhase;
			buildActionMask = 2147483647;
			dstPath = /usr/share/man/man1/;
			dstSubfolderSpec = 0;
			files = (
				9B8A26B218BE9472007884B5 /* SNPipeline_VCF2AB.1 in CopyFiles */,
			);
			runOnlyForDeploymentPostprocessing = 1;
		};
		9BA4EAB81D63A664005020C3 /* CopyFiles */ = {
			isa = PBXCopyFilesBuildPhase;
			buildActionMask = 2147483647;
			dstPath = /usr/share/man/man1/;
			dstSubfolderSpec = 0;
			files = (
			);
			runOnlyForDeploymentPostprocessing = 1;
		};
		9BBF893C1D63A6CC00139818 /* CopyFiles */ = {
			isa = PBXCopyFilesBuildPhase;
			buildActionMask = 2147483647;
			dstPath = /usr/share/man/man1/;
			dstSubfolderSpec = 0;
			files = (
			);
			runOnlyForDeploymentPostprocessing = 1;
		};
/* End PBXCopyFilesBuildPhase section */

/* Begin PBXFileReference section */
		9B00B9A9189AF62700B34C77 /* finalReportReformer */ = {isa = PBXFileReference; explicitFileType = "compiled.mach-o.executable"; includeInIndex = 0; path = finalReportReformer; sourceTree = BUILT_PRODUCTS_DIR; };
		9B00B9AB189AF62700B34C77 /* main.cpp */ = {isa = PBXFileReference; lastKnownFileType = sourcecode.cpp.cpp; path = main.cpp; sourceTree = "<group>"; };
		9B00B9AD189AF62700B34C77 /* finalReportReformer.1 */ = {isa = PBXFileReference; lastKnownFileType = text.man; path = finalReportReformer.1; sourceTree = "<group>"; };
		9B0E01951DFDAFEC003B4C7B /* beagleOutput.cpp */ = {isa = PBXFileReference; fileEncoding = 4; lastKnownFileType = sourcecode.cpp.cpp; name = beagleOutput.cpp; path = bout2genotype/beagleOutput.cpp; sourceTree = SOURCE_ROOT; };
		9B0E01961DFDAFEC003B4C7B /* beagleOutput.h */ = {isa = PBXFileReference; fileEncoding = 4; lastKnownFileType = sourcecode.c.h; name = beagleOutput.h; path = bout2genotype/beagleOutput.h; sourceTree = SOURCE_ROOT; };
		9B0E01971DFDAFEC003B4C7B /* bout2genotype.cpp */ = {isa = PBXFileReference; fileEncoding = 4; lastKnownFileType = sourcecode.cpp.cpp; name = bout2genotype.cpp; path = bout2genotype/bout2genotype.cpp; sourceTree = SOURCE_ROOT; };
		9B0E01981DFDAFEC003B4C7B /* bout2haplotype.cpp */ = {isa = PBXFileReference; fileEncoding = 4; lastKnownFileType = sourcecode.cpp.cpp; name = bout2haplotype.cpp; path = bout2genotype/bout2haplotype.cpp; sourceTree = SOURCE_ROOT; };
		9B0E01991DFDAFEC003B4C7B /* geneticMap.cpp */ = {isa = PBXFileReference; fileEncoding = 4; lastKnownFileType = sourcecode.cpp.cpp; name = geneticMap.cpp; path = bout2genotype/geneticMap.cpp; sourceTree = SOURCE_ROOT; };
		9B0E019A1DFDAFEC003B4C7B /* geneticMap.h */ = {isa = PBXFileReference; fileEncoding = 4; lastKnownFileType = sourcecode.c.h; name = geneticMap.h; path = bout2genotype/geneticMap.h; sourceTree = SOURCE_ROOT; };
		9B0E019B1DFDAFEC003B4C7B /* VCF_Record.cpp */ = {isa = PBXFileReference; fileEncoding = 4; lastKnownFileType = sourcecode.cpp.cpp; name = VCF_Record.cpp; path = bout2genotype/VCF_Record.cpp; sourceTree = SOURCE_ROOT; };
		9B0E019C1DFDAFEC003B4C7B /* VCF_Record.h */ = {isa = PBXFileReference; fileEncoding = 4; lastKnownFileType = sourcecode.c.h; name = VCF_Record.h; path = bout2genotype/VCF_Record.h; sourceTree = SOURCE_ROOT; };
		9B0E019D1DFDAFEC003B4C7B /* vcf2haplotype.cpp */ = {isa = PBXFileReference; fileEncoding = 4; lastKnownFileType = sourcecode.cpp.cpp; name = vcf2haplotype.cpp; path = bout2genotype/vcf2haplotype.cpp; sourceTree = SOURCE_ROOT; };
		9B283D6B189861CA004DDBDF /* RETIRED_CODE.h */ = {isa = PBXFileReference; lastKnownFileType = sourcecode.c.h; path = RETIRED_CODE.h; sourceTree = "<group>"; };
		9B37B0FD187C87EE008B6F91 /* SNPipeline.trimDown2Map */ = {isa = PBXFileReference; explicitFileType = "compiled.mach-o.executable"; includeInIndex = 0; path = SNPipeline.trimDown2Map; sourceTree = BUILT_PRODUCTS_DIR; };
		9B37B0FF187C87EE008B6F91 /* main.cpp */ = {isa = PBXFileReference; lastKnownFileType = sourcecode.cpp.cpp; path = main.cpp; sourceTree = "<group>"; };
		9B37B101187C87EE008B6F91 /* ReadMe.1 */ = {isa = PBXFileReference; lastKnownFileType = text.man; name = ReadMe.1; path = SNPipeline.trimDown2Map/ReadMe.1; sourceTree = "<group>"; };
		9B39C9BF1DFCB97500EFBFB1 /* abg2FImpute */ = {isa = PBXFileReference; explicitFileType = "compiled.mach-o.executable"; includeInIndex = 0; path = abg2FImpute; sourceTree = BUILT_PRODUCTS_DIR; };
		9B39C9C61DFCB99000EFBFB1 /* abg2FImpute.cpp */ = {isa = PBXFileReference; fileEncoding = 4; lastKnownFileType = sourcecode.cpp.cpp; path = abg2FImpute.cpp; sourceTree = "<group>"; };
		9B39C9C71DFCB99000EFBFB1 /* abg2FImpute.h */ = {isa = PBXFileReference; fileEncoding = 4; lastKnownFileType = sourcecode.c.h; path = abg2FImpute.h; sourceTree = "<group>"; };
		9B39C9CF1DFCBAA900EFBFB1 /* mapUniter */ = {isa = PBXFileReference; explicitFileType = "compiled.mach-o.executable"; includeInIndex = 0; path = mapUniter; sourceTree = BUILT_PRODUCTS_DIR; };
		9B39C9D61DFCBAB800EFBFB1 /* mapUniter.cpp */ = {isa = PBXFileReference; fileEncoding = 4; lastKnownFileType = sourcecode.cpp.cpp; path = mapUniter.cpp; sourceTree = "<group>"; };
		9B39C9D71DFCBAB800EFBFB1 /* mapUniter.h */ = {isa = PBXFileReference; fileEncoding = 4; lastKnownFileType = sourcecode.c.h; path = mapUniter.h; sourceTree = "<group>"; };
		9B39C9DE1DFCBB3700EFBFB1 /* abg2findhap */ = {isa = PBXFileReference; explicitFileType = "compiled.mach-o.executable"; includeInIndex = 0; path = abg2findhap; sourceTree = BUILT_PRODUCTS_DIR; };
		9B39C9E51DFCBB4C00EFBFB1 /* abg2findhap.cpp */ = {isa = PBXFileReference; fileEncoding = 4; lastKnownFileType = sourcecode.cpp.cpp; path = abg2findhap.cpp; sourceTree = "<group>"; };
		9B39C9E61DFCBB4C00EFBFB1 /* abg2findhap.h */ = {isa = PBXFileReference; fileEncoding = 4; lastKnownFileType = sourcecode.c.h; path = abg2findhap.h; sourceTree = "<group>"; };
		9B39C9E71DFCBB4C00EFBFB1 /* fhout2fiout.cpp */ = {isa = PBXFileReference; fileEncoding = 4; lastKnownFileType = sourcecode.cpp.cpp; path = fhout2fiout.cpp; sourceTree = "<group>"; };
		9B39C9E81DFCBB4C00EFBFB1 /* fhout2hapview.cpp */ = {isa = PBXFileReference; fileEncoding = 4; lastKnownFileType = sourcecode.cpp.cpp; path = fhout2hapview.cpp; sourceTree = "<group>"; };
		9B39C9F11DFCBCC500EFBFB1 /* fhout2fiout */ = {isa = PBXFileReference; explicitFileType = "compiled.mach-o.executable"; includeInIndex = 0; path = fhout2fiout; sourceTree = BUILT_PRODUCTS_DIR; };
		9B39C9FE1DFCBCFB00EFBFB1 /* fhout2hapview */ = {isa = PBXFileReference; explicitFileType = "compiled.mach-o.executable"; includeInIndex = 0; path = fhout2hapview; sourceTree = BUILT_PRODUCTS_DIR; };
		9B39CA0B1DFCBE8A00EFBFB1 /* fout2abg */ = {isa = PBXFileReference; explicitFileType = "compiled.mach-o.executable"; includeInIndex = 0; path = fout2abg; sourceTree = BUILT_PRODUCTS_DIR; };
		9B39CA161DFCBEF100EFBFB1 /* fout2abg.cpp */ = {isa = PBXFileReference; fileEncoding = 4; lastKnownFileType = sourcecode.cpp.cpp; path = fout2abg.cpp; sourceTree = "<group>"; };
		9B39CA1C1DFCBFC800EFBFB1 /* fout2haplotype */ = {isa = PBXFileReference; explicitFileType = "compiled.mach-o.executable"; includeInIndex = 0; path = fout2haplotype; sourceTree = BUILT_PRODUCTS_DIR; };
		9B39CA251DFCC00A00EFBFB1 /* fout2haplotype.cpp */ = {isa = PBXFileReference; fileEncoding = 4; lastKnownFileType = sourcecode.cpp.cpp; path = fout2haplotype.cpp; sourceTree = "<group>"; };
		9B39CA261DFCC00A00EFBFB1 /* fout2haplotype.h */ = {isa = PBXFileReference; fileEncoding = 4; lastKnownFileType = sourcecode.c.h; path = fout2haplotype.h; sourceTree = "<group>"; };
		9B39CA2C1DFCC2E000EFBFB1 /* abg2M */ = {isa = PBXFileReference; explicitFileType = "compiled.mach-o.executable"; includeInIndex = 0; path = abg2M; sourceTree = BUILT_PRODUCTS_DIR; };
		9B39CA331DFCC2FF00EFBFB1 /* abg2M.cpp */ = {isa = PBXFileReference; fileEncoding = 4; lastKnownFileType = sourcecode.cpp.cpp; path = abg2M.cpp; sourceTree = "<group>"; };
		9B39CA391DFCC4C300EFBFB1 /* bout2genotype */ = {isa = PBXFileReference; explicitFileType = "compiled.mach-o.executable"; includeInIndex = 0; path = bout2genotype; sourceTree = BUILT_PRODUCTS_DIR; };
		9B39CA541DFCC89400EFBFB1 /* bout2haplotype */ = {isa = PBXFileReference; explicitFileType = "compiled.mach-o.executable"; includeInIndex = 0; path = bout2haplotype; sourceTree = BUILT_PRODUCTS_DIR; };
		9B39CA631DFCC97E00EFBFB1 /* vcf2haplotype */ = {isa = PBXFileReference; explicitFileType = "compiled.mach-o.executable"; includeInIndex = 0; path = vcf2haplotype; sourceTree = BUILT_PRODUCTS_DIR; };
		9B44E1C818AA9490000D16FF /* SNPipeline.pooledAB2VCF41 */ = {isa = PBXFileReference; explicitFileType = "compiled.mach-o.executable"; includeInIndex = 0; path = SNPipeline.pooledAB2VCF41; sourceTree = BUILT_PRODUCTS_DIR; };
		9B44E1D118AA94C2000D16FF /* SNPipeline_pooledAB2VCF41.cpp */ = {isa = PBXFileReference; fileEncoding = 4; lastKnownFileType = sourcecode.cpp.cpp; path = SNPipeline_pooledAB2VCF41.cpp; sourceTree = "<group>"; };
		9B5F044E1899725A00ADA790 /* data.cpp */ = {isa = PBXFileReference; fileEncoding = 4; lastKnownFileType = sourcecode.cpp.cpp; path = data.cpp; sourceTree = "<group>"; };
		9B5F044F1899725A00ADA790 /* data.h */ = {isa = PBXFileReference; fileEncoding = 4; lastKnownFileType = sourcecode.c.h; path = data.h; sourceTree = "<group>"; };
		9B71AFBD183EB27100C285E7 /* SNPipeline */ = {isa = PBXFileReference; explicitFileType = "compiled.mach-o.executable"; includeInIndex = 0; path = SNPipeline; sourceTree = BUILT_PRODUCTS_DIR; };
		9B71AFCA183EB30500C285E7 /* appInfo.h */ = {isa = PBXFileReference; fileEncoding = 4; lastKnownFileType = sourcecode.c.h; path = appInfo.h; sourceTree = "<group>"; };
		9B71AFCB183EB30500C285E7 /* finalReport.cpp */ = {isa = PBXFileReference; fileEncoding = 4; lastKnownFileType = sourcecode.cpp.cpp; path = finalReport.cpp; sourceTree = "<group>"; };
		9B71AFCC183EB30500C285E7 /* finalReport.h */ = {isa = PBXFileReference; fileEncoding = 4; lastKnownFileType = sourcecode.c.h; path = finalReport.h; sourceTree = "<group>"; };
		9B71AFCD183EB30500C285E7 /* logger.cpp */ = {isa = PBXFileReference; fileEncoding = 4; lastKnownFileType = sourcecode.cpp.cpp; path = logger.cpp; sourceTree = "<group>"; };
		9B71AFCE183EB30500C285E7 /* logger.h */ = {isa = PBXFileReference; fileEncoding = 4; lastKnownFileType = sourcecode.c.h; path = logger.h; sourceTree = "<group>"; };
		9B71AFCF183EB30500C285E7 /* make.sh */ = {isa = PBXFileReference; fileEncoding = 4; lastKnownFileType = text.script.sh; path = make.sh; sourceTree = "<group>"; };
		9B71AFD0183EB30500C285E7 /* Makefile */ = {isa = PBXFileReference; fileEncoding = 4; lastKnownFileType = sourcecode.make; path = Makefile; sourceTree = "<group>"; };
		9B71AFD1183EB30500C285E7 /* SNPipeline.cpp */ = {isa = PBXFileReference; fileEncoding = 4; lastKnownFileType = sourcecode.cpp.cpp; path = SNPipeline.cpp; sourceTree = "<group>"; };
		9B71AFD2183EB30500C285E7 /* splitablestring.h */ = {isa = PBXFileReference; fileEncoding = 4; lastKnownFileType = sourcecode.c.h; path = splitablestring.h; sourceTree = "<group>"; };
		9B71AFDB183EB38600C285E7 /* SNPipeline.mergingAB */ = {isa = PBXFileReference; explicitFileType = "compiled.mach-o.executable"; includeInIndex = 0; path = SNPipeline.mergingAB; sourceTree = BUILT_PRODUCTS_DIR; };
		9B71AFE4183EB3BB00C285E7 /* SNPipeline.mergingAB.cpp */ = {isa = PBXFileReference; fileEncoding = 4; lastKnownFileType = sourcecode.cpp.cpp; path = SNPipeline.mergingAB.cpp; sourceTree = "<group>"; };
		9B72C0AD18C5157F00CD599B /* SNPipeline.abg2bin */ = {isa = PBXFileReference; explicitFileType = "compiled.mach-o.executable"; includeInIndex = 0; path = SNPipeline.abg2bin; sourceTree = BUILT_PRODUCTS_DIR; };
		9B72C0AF18C5157F00CD599B /* SNPipeline.abg2bin.cpp */ = {isa = PBXFileReference; lastKnownFileType = sourcecode.cpp.cpp; path = SNPipeline.abg2bin.cpp; sourceTree = "<group>"; };
		9B72C0B118C5157F00CD599B /* SNPipeline_abg2bin.1 */ = {isa = PBXFileReference; lastKnownFileType = text.man; path = SNPipeline_abg2bin.1; sourceTree = "<group>"; };
		9B72C0BA18C51A0000CD599B /* SNPipeline.abgExcl */ = {isa = PBXFileReference; explicitFileType = "compiled.mach-o.executable"; includeInIndex = 0; path = SNPipeline.abgExcl; sourceTree = BUILT_PRODUCTS_DIR; };
		9B72C0BC18C51A0000CD599B /* SNPipeline.abgExcl.cpp */ = {isa = PBXFileReference; lastKnownFileType = sourcecode.cpp.cpp; path = SNPipeline.abgExcl.cpp; sourceTree = "<group>"; };
		9B72C0BE18C51A0000CD599B /* SNPipeline_abgExcl.1 */ = {isa = PBXFileReference; lastKnownFileType = text.man; path = SNPipeline_abgExcl.1; sourceTree = "<group>"; };
		9B89199418E10E3100CC6D50 /* SNP.h */ = {isa = PBXFileReference; fileEncoding = 4; lastKnownFileType = sourcecode.c.h; path = SNP.h; sourceTree = "<group>"; };
		9B8A26AD18BE9471007884B5 /* SNPipeline.VCF2AB */ = {isa = PBXFileReference; explicitFileType = "compiled.mach-o.executable"; includeInIndex = 0; path = SNPipeline.VCF2AB; sourceTree = BUILT_PRODUCTS_DIR; };
		9B8A26B118BE9472007884B5 /* SNPipeline_VCF2AB.1 */ = {isa = PBXFileReference; lastKnownFileType = text.man; path = SNPipeline_VCF2AB.1; sourceTree = "<group>"; };
		9B8A26B618BE94A6007884B5 /* SNPipeline_VCF2AB.cpp */ = {isa = PBXFileReference; fileEncoding = 4; lastKnownFileType = sourcecode.cpp.cpp; path = SNPipeline_VCF2AB.cpp; sourceTree = "<group>"; };
		9B8A26B918BE95B5007884B5 /* SNPipeline_VCF2AB.h */ = {isa = PBXFileReference; fileEncoding = 4; lastKnownFileType = sourcecode.c.h; path = SNPipeline_VCF2AB.h; sourceTree = "<group>"; };
		9BA4EABA1D63A664005020C3 /* gReplace */ = {isa = PBXFileReference; explicitFileType = "compiled.mach-o.executable"; includeInIndex = 0; path = gReplace; sourceTree = BUILT_PRODUCTS_DIR; };
		9BBF89371D63A6A200139818 /* gReplace.cpp */ = {isa = PBXFileReference; fileEncoding = 4; lastKnownFileType = sourcecode.cpp.cpp; path = gReplace.cpp; sourceTree = "<group>"; };
		9BBF89381D63A6A200139818 /* gReplace.h */ = {isa = PBXFileReference; fileEncoding = 4; lastKnownFileType = sourcecode.c.h; path = gReplace.h; sourceTree = "<group>"; };
		9BBF893E1D63A6CC00139818 /* ggrep */ = {isa = PBXFileReference; explicitFileType = "compiled.mach-o.executable"; includeInIndex = 0; path = ggrep; sourceTree = BUILT_PRODUCTS_DIR; };
		9BBF89451D63A6EA00139818 /* ggrep.cpp */ = {isa = PBXFileReference; fileEncoding = 4; lastKnownFileType = sourcecode.cpp.cpp; path = ggrep.cpp; sourceTree = "<group>"; };
		9BBF89461D63A6EA00139818 /* ggrep.h */ = {isa = PBXFileReference; fileEncoding = 4; lastKnownFileType = sourcecode.c.h; path = ggrep.h; sourceTree = "<group>"; };
		9BC37C8B1892C175004DE720 /* affyInput.cpp */ = {isa = PBXFileReference; fileEncoding = 4; lastKnownFileType = sourcecode.cpp.cpp; path = affyInput.cpp; sourceTree = "<group>"; };
		9BC37C8C1892C175004DE720 /* affyInput.h */ = {isa = PBXFileReference; fileEncoding = 4; lastKnownFileType = sourcecode.c.h; path = affyInput.h; sourceTree = "<group>"; };
		9BDE97611D4FB13D002A1A04 /* COPYING.LGPL */ = {isa = PBXFileReference; fileEncoding = 4; lastKnownFileType = text; path = COPYING.LGPL; sourceTree = "<group>"; };
/* End PBXFileReference section */

/* Begin PBXFrameworksBuildPhase section */
		9B00B9A6189AF62700B34C77 /* Frameworks */ = {
			isa = PBXFrameworksBuildPhase;
			buildActionMask = 2147483647;
			files = (
			);
			runOnlyForDeploymentPostprocessing = 0;
		};
		9B37B0FA187C87EE008B6F91 /* Frameworks */ = {
			isa = PBXFrameworksBuildPhase;
			buildActionMask = 2147483647;
			files = (
			);
			runOnlyForDeploymentPostprocessing = 0;
		};
		9B39C9BC1DFCB97500EFBFB1 /* Frameworks */ = {
			isa = PBXFrameworksBuildPhase;
			buildActionMask = 2147483647;
			files = (
			);
			runOnlyForDeploymentPostprocessing = 0;
		};
		9B39C9CC1DFCBAA900EFBFB1 /* Frameworks */ = {
			isa = PBXFrameworksBuildPhase;
			buildActionMask = 2147483647;
			files = (
			);
			runOnlyForDeploymentPostprocessing = 0;
		};
		9B39C9DB1DFCBB3700EFBFB1 /* Frameworks */ = {
			isa = PBXFrameworksBuildPhase;
			buildActionMask = 2147483647;
			files = (
			);
			runOnlyForDeploymentPostprocessing = 0;
		};
		9B39C9EE1DFCBCC500EFBFB1 /* Frameworks */ = {
			isa = PBXFrameworksBuildPhase;
			buildActionMask = 2147483647;
			files = (
			);
			runOnlyForDeploymentPostprocessing = 0;
		};
		9B39C9FB1DFCBCFB00EFBFB1 /* Frameworks */ = {
			isa = PBXFrameworksBuildPhase;
			buildActionMask = 2147483647;
			files = (
			);
			runOnlyForDeploymentPostprocessing = 0;
		};
		9B39CA081DFCBE8A00EFBFB1 /* Frameworks */ = {
			isa = PBXFrameworksBuildPhase;
			buildActionMask = 2147483647;
			files = (
			);
			runOnlyForDeploymentPostprocessing = 0;
		};
		9B39CA191DFCBFC800EFBFB1 /* Frameworks */ = {
			isa = PBXFrameworksBuildPhase;
			buildActionMask = 2147483647;
			files = (
			);
			runOnlyForDeploymentPostprocessing = 0;
		};
		9B39CA291DFCC2E000EFBFB1 /* Frameworks */ = {
			isa = PBXFrameworksBuildPhase;
			buildActionMask = 2147483647;
			files = (
			);
			runOnlyForDeploymentPostprocessing = 0;
		};
		9B39CA361DFCC4C300EFBFB1 /* Frameworks */ = {
			isa = PBXFrameworksBuildPhase;
			buildActionMask = 2147483647;
			files = (
			);
			runOnlyForDeploymentPostprocessing = 0;
		};
		9B39CA511DFCC89400EFBFB1 /* Frameworks */ = {
			isa = PBXFrameworksBuildPhase;
			buildActionMask = 2147483647;
			files = (
			);
			runOnlyForDeploymentPostprocessing = 0;
		};
		9B39CA601DFCC97E00EFBFB1 /* Frameworks */ = {
			isa = PBXFrameworksBuildPhase;
			buildActionMask = 2147483647;
			files = (
			);
			runOnlyForDeploymentPostprocessing = 0;
		};
		9B44E1C518AA9490000D16FF /* Frameworks */ = {
			isa = PBXFrameworksBuildPhase;
			buildActionMask = 2147483647;
			files = (
			);
			runOnlyForDeploymentPostprocessing = 0;
		};
		9B71AFBA183EB27100C285E7 /* Frameworks */ = {
			isa = PBXFrameworksBuildPhase;
			buildActionMask = 2147483647;
			files = (
			);
			runOnlyForDeploymentPostprocessing = 0;
		};
		9B71AFD8183EB38600C285E7 /* Frameworks */ = {
			isa = PBXFrameworksBuildPhase;
			buildActionMask = 2147483647;
			files = (
			);
			runOnlyForDeploymentPostprocessing = 0;
		};
		9B72C0AA18C5157F00CD599B /* Frameworks */ = {
			isa = PBXFrameworksBuildPhase;
			buildActionMask = 2147483647;
			files = (
			);
			runOnlyForDeploymentPostprocessing = 0;
		};
		9B72C0B718C51A0000CD599B /* Frameworks */ = {
			isa = PBXFrameworksBuildPhase;
			buildActionMask = 2147483647;
			files = (
			);
			runOnlyForDeploymentPostprocessing = 0;
		};
		9B8A26AA18BE9471007884B5 /* Frameworks */ = {
			isa = PBXFrameworksBuildPhase;
			buildActionMask = 2147483647;
			files = (
			);
			runOnlyForDeploymentPostprocessing = 0;
		};
		9BA4EAB71D63A664005020C3 /* Frameworks */ = {
			isa = PBXFrameworksBuildPhase;
			buildActionMask = 2147483647;
			files = (
			);
			runOnlyForDeploymentPostprocessing = 0;
		};
		9BBF893B1D63A6CC00139818 /* Frameworks */ = {
			isa = PBXFrameworksBuildPhase;
			buildActionMask = 2147483647;
			files = (
			);
			runOnlyForDeploymentPostprocessing = 0;
		};
/* End PBXFrameworksBuildPhase section */

/* Begin PBXGroup section */
		9B00B9AA189AF62700B34C77 /* finalReportReformer */ = {
			isa = PBXGroup;
			children = (
				9B00B9AB189AF62700B34C77 /* main.cpp */,
				9B00B9AD189AF62700B34C77 /* finalReportReformer.1 */,
			);
			path = finalReportReformer;
			sourceTree = "<group>";
		};
		9B37B0FE187C87EE008B6F91 /* SNPipeline.trimDown2Map */ = {
			isa = PBXGroup;
			children = (
				9B37B0FF187C87EE008B6F91 /* main.cpp */,
			);
			path = SNPipeline.trimDown2Map;
			sourceTree = "<group>";
		};
		9B39C9C01DFCB97500EFBFB1 /* abg2FImpute */ = {
			isa = PBXGroup;
			children = (
				9B39C9C61DFCB99000EFBFB1 /* abg2FImpute.cpp */,
				9B39C9C71DFCB99000EFBFB1 /* abg2FImpute.h */,
			);
			path = abg2FImpute;
			sourceTree = "<group>";
		};
		9B39C9D01DFCBAA900EFBFB1 /* mapUniter */ = {
			isa = PBXGroup;
			children = (
				9B39C9D61DFCBAB800EFBFB1 /* mapUniter.cpp */,
				9B39C9D71DFCBAB800EFBFB1 /* mapUniter.h */,
			);
			path = mapUniter;
			sourceTree = "<group>";
		};
		9B39C9DF1DFCBB3700EFBFB1 /* abg2findhap */ = {
			isa = PBXGroup;
			children = (
				9B39C9E51DFCBB4C00EFBFB1 /* abg2findhap.cpp */,
				9B39C9E61DFCBB4C00EFBFB1 /* abg2findhap.h */,
				9B39C9E71DFCBB4C00EFBFB1 /* fhout2fiout.cpp */,
				9B39C9E81DFCBB4C00EFBFB1 /* fhout2hapview.cpp */,
			);
			path = abg2findhap;
			sourceTree = "<group>";
		};
		9B39CA0C1DFCBE8A00EFBFB1 /* fout2abg */ = {
			isa = PBXGroup;
			children = (
				9B39CA161DFCBEF100EFBFB1 /* fout2abg.cpp */,
			);
			path = fout2abg;
			sourceTree = "<group>";
		};
		9B39CA1D1DFCBFC800EFBFB1 /* fout2haplotype */ = {
			isa = PBXGroup;
			children = (
				9B39CA251DFCC00A00EFBFB1 /* fout2haplotype.cpp */,
				9B39CA261DFCC00A00EFBFB1 /* fout2haplotype.h */,
			);
			path = fout2haplotype;
			sourceTree = "<group>";
		};
		9B39CA2D1DFCC2E000EFBFB1 /* abg2M */ = {
			isa = PBXGroup;
			children = (
				9B39CA331DFCC2FF00EFBFB1 /* abg2M.cpp */,
			);
			path = abg2M;
			sourceTree = "<group>";
		};
		9B39CA3A1DFCC4C300EFBFB1 /* bout2genotype */ = {
			isa = PBXGroup;
			children = (
				9B0E01951DFDAFEC003B4C7B /* beagleOutput.cpp */,
				9B0E01961DFDAFEC003B4C7B /* beagleOutput.h */,
				9B0E01971DFDAFEC003B4C7B /* bout2genotype.cpp */,
				9B0E01981DFDAFEC003B4C7B /* bout2haplotype.cpp */,
				9B0E01991DFDAFEC003B4C7B /* geneticMap.cpp */,
				9B0E019A1DFDAFEC003B4C7B /* geneticMap.h */,
				9B0E019B1DFDAFEC003B4C7B /* VCF_Record.cpp */,
				9B0E019C1DFDAFEC003B4C7B /* VCF_Record.h */,
				9B0E019D1DFDAFEC003B4C7B /* vcf2haplotype.cpp */,
			);
			name = bout2genotype;
			path = bout2abg;
			sourceTree = "<group>";
		};
		9B5F045218999A5000ADA790 /* DEPRECATED */ = {
			isa = PBXGroup;
			children = (
				9B71AFCC183EB30500C285E7 /* finalReport.h */,
				9B71AFCB183EB30500C285E7 /* finalReport.cpp */,
				9BC37C8B1892C175004DE720 /* affyInput.cpp */,
				9BC37C8C1892C175004DE720 /* affyInput.h */,
				9B283D6B189861CA004DDBDF /* RETIRED_CODE.h */,
			);
			name = DEPRECATED;
			sourceTree = "<group>";
		};
		9B71AFB4183EB27100C285E7 = {
			isa = PBXGroup;
			children = (
				9BDE97611D4FB13D002A1A04 /* COPYING.LGPL */,
				9B71AFCF183EB30500C285E7 /* make.sh */,
				9B71AFD0183EB30500C285E7 /* Makefile */,
				9B37B101187C87EE008B6F91 /* ReadMe.1 */,
				9B5F045218999A5000ADA790 /* DEPRECATED */,
				9B71AFC9183EB2D300C285E7 /* src */,
				9B37B0FE187C87EE008B6F91 /* SNPipeline.trimDown2Map */,
				9B00B9AA189AF62700B34C77 /* finalReportReformer */,
				9B8A26AE18BE9472007884B5 /* SNPipeline.VCF2AB */,
				9B72C0AE18C5157F00CD599B /* SNPipeline.abg2bin */,
				9B72C0BB18C51A0000CD599B /* SNPipeline.abgExcl */,
				9BA4EABB1D63A664005020C3 /* gReplace */,
				9BBF893F1D63A6CC00139818 /* ggrep */,
				9B39C9C01DFCB97500EFBFB1 /* abg2FImpute */,
				9B39C9D01DFCBAA900EFBFB1 /* mapUniter */,
				9B39C9DF1DFCBB3700EFBFB1 /* abg2findhap */,
				9B39CA0C1DFCBE8A00EFBFB1 /* fout2abg */,
				9B39CA1D1DFCBFC800EFBFB1 /* fout2haplotype */,
				9B39CA2D1DFCC2E000EFBFB1 /* abg2M */,
				9B39CA3A1DFCC4C300EFBFB1 /* bout2genotype */,
				9B71AFBE183EB27100C285E7 /* Products */,
			);
			sourceTree = "<group>";
		};
		9B71AFBE183EB27100C285E7 /* Products */ = {
			isa = PBXGroup;
			children = (
				9B71AFBD183EB27100C285E7 /* SNPipeline */,
				9B71AFDB183EB38600C285E7 /* SNPipeline.mergingAB */,
				9B37B0FD187C87EE008B6F91 /* SNPipeline.trimDown2Map */,
				9B00B9A9189AF62700B34C77 /* finalReportReformer */,
				9B44E1C818AA9490000D16FF /* SNPipeline.pooledAB2VCF41 */,
				9B8A26AD18BE9471007884B5 /* SNPipeline.VCF2AB */,
				9B72C0AD18C5157F00CD599B /* SNPipeline.abg2bin */,
				9B72C0BA18C51A0000CD599B /* SNPipeline.abgExcl */,
				9BA4EABA1D63A664005020C3 /* gReplace */,
				9BBF893E1D63A6CC00139818 /* ggrep */,
				9B39C9BF1DFCB97500EFBFB1 /* abg2FImpute */,
				9B39C9CF1DFCBAA900EFBFB1 /* mapUniter */,
				9B39C9DE1DFCBB3700EFBFB1 /* abg2findhap */,
				9B39C9F11DFCBCC500EFBFB1 /* fhout2fiout */,
				9B39C9FE1DFCBCFB00EFBFB1 /* fhout2hapview */,
				9B39CA0B1DFCBE8A00EFBFB1 /* fout2abg */,
				9B39CA1C1DFCBFC800EFBFB1 /* fout2haplotype */,
				9B39CA2C1DFCC2E000EFBFB1 /* abg2M */,
				9B39CA391DFCC4C300EFBFB1 /* bout2genotype */,
				9B39CA541DFCC89400EFBFB1 /* bout2haplotype */,
				9B39CA631DFCC97E00EFBFB1 /* vcf2haplotype */,
			);
			name = Products;
			sourceTree = "<group>";
		};
		9B71AFC9183EB2D300C285E7 /* src */ = {
			isa = PBXGroup;
			children = (
				9B71AFCA183EB30500C285E7 /* appInfo.h */,
				9B71AFD2183EB30500C285E7 /* splitablestring.h */,
				9B71AFCE183EB30500C285E7 /* logger.h */,
				9B71AFCD183EB30500C285E7 /* logger.cpp */,
				9B71AFD1183EB30500C285E7 /* SNPipeline.cpp */,
				9B71AFE4183EB3BB00C285E7 /* SNPipeline.mergingAB.cpp */,
				9B5F044E1899725A00ADA790 /* data.cpp */,
				9B5F044F1899725A00ADA790 /* data.h */,
				9B44E1D118AA94C2000D16FF /* SNPipeline_pooledAB2VCF41.cpp */,
				9B89199418E10E3100CC6D50 /* SNP.h */,
			);
			name = src;
			sourceTree = "<group>";
		};
		9B72C0AE18C5157F00CD599B /* SNPipeline.abg2bin */ = {
			isa = PBXGroup;
			children = (
				9B72C0AF18C5157F00CD599B /* SNPipeline.abg2bin.cpp */,
				9B72C0B118C5157F00CD599B /* SNPipeline_abg2bin.1 */,
			);
			path = SNPipeline.abg2bin;
			sourceTree = "<group>";
		};
		9B72C0BB18C51A0000CD599B /* SNPipeline.abgExcl */ = {
			isa = PBXGroup;
			children = (
				9B72C0BC18C51A0000CD599B /* SNPipeline.abgExcl.cpp */,
				9B72C0BE18C51A0000CD599B /* SNPipeline_abgExcl.1 */,
			);
			path = SNPipeline.abgExcl;
			sourceTree = "<group>";
		};
		9B8A26AE18BE9472007884B5 /* SNPipeline.VCF2AB */ = {
			isa = PBXGroup;
			children = (
				9B8A26B118BE9472007884B5 /* SNPipeline_VCF2AB.1 */,
				9B8A26B618BE94A6007884B5 /* SNPipeline_VCF2AB.cpp */,
				9B8A26B918BE95B5007884B5 /* SNPipeline_VCF2AB.h */,
			);
			path = SNPipeline.VCF2AB;
			sourceTree = "<group>";
		};
		9BA4EABB1D63A664005020C3 /* gReplace */ = {
			isa = PBXGroup;
			children = (
				9BBF89371D63A6A200139818 /* gReplace.cpp */,
				9BBF89381D63A6A200139818 /* gReplace.h */,
			);
			path = gReplace;
			sourceTree = "<group>";
		};
		9BBF893F1D63A6CC00139818 /* ggrep */ = {
			isa = PBXGroup;
			children = (
				9BBF89451D63A6EA00139818 /* ggrep.cpp */,
				9BBF89461D63A6EA00139818 /* ggrep.h */,
			);
			path = ggrep;
			sourceTree = "<group>";
		};
/* End PBXGroup section */

/* Begin PBXNativeTarget section */
		9B00B9A8189AF62700B34C77 /* finalReportReformer */ = {
			isa = PBXNativeTarget;
			buildConfigurationList = 9B00B9B1189AF62700B34C77 /* Build configuration list for PBXNativeTarget "finalReportReformer" */;
			buildPhases = (
				9B00B9A5189AF62700B34C77 /* Sources */,
				9B00B9A6189AF62700B34C77 /* Frameworks */,
				9B00B9A7189AF62700B34C77 /* CopyFiles */,
			);
			buildRules = (
			);
			dependencies = (
			);
			name = finalReportReformer;
			productName = finalReportReformer;
			productReference = 9B00B9A9189AF62700B34C77 /* finalReportReformer */;
			productType = "com.apple.product-type.tool";
		};
		9B37B0FC187C87EE008B6F91 /* SNPipeline.trimDown2Map */ = {
			isa = PBXNativeTarget;
			buildConfigurationList = 9B37B105187C87EE008B6F91 /* Build configuration list for PBXNativeTarget "SNPipeline.trimDown2Map" */;
			buildPhases = (
				9B37B0F9187C87EE008B6F91 /* Sources */,
				9B37B0FA187C87EE008B6F91 /* Frameworks */,
				9B37B0FB187C87EE008B6F91 /* CopyFiles */,
			);
			buildRules = (
			);
			dependencies = (
			);
			name = SNPipeline.trimDown2Map;
			productName = SNPipeline.trimDown2Map;
			productReference = 9B37B0FD187C87EE008B6F91 /* SNPipeline.trimDown2Map */;
			productType = "com.apple.product-type.tool";
		};
		9B39C9BE1DFCB97500EFBFB1 /* abg2FImpute */ = {
			isa = PBXNativeTarget;
			buildConfigurationList = 9B39C9C51DFCB97500EFBFB1 /* Build configuration list for PBXNativeTarget "abg2FImpute" */;
			buildPhases = (
				9B39C9BB1DFCB97500EFBFB1 /* Sources */,
				9B39C9BC1DFCB97500EFBFB1 /* Frameworks */,
				9B39C9BD1DFCB97500EFBFB1 /* CopyFiles */,
			);
			buildRules = (
			);
			dependencies = (
			);
			name = abg2FImpute;
			productName = abg2FImpute;
			productReference = 9B39C9BF1DFCB97500EFBFB1 /* abg2FImpute */;
			productType = "com.apple.product-type.tool";
		};
		9B39C9CE1DFCBAA900EFBFB1 /* mapUniter */ = {
			isa = PBXNativeTarget;
			buildConfigurationList = 9B39C9D31DFCBAA900EFBFB1 /* Build configuration list for PBXNativeTarget "mapUniter" */;
			buildPhases = (
				9B39C9CB1DFCBAA900EFBFB1 /* Sources */,
				9B39C9CC1DFCBAA900EFBFB1 /* Frameworks */,
				9B39C9CD1DFCBAA900EFBFB1 /* CopyFiles */,
			);
			buildRules = (
			);
			dependencies = (
			);
			name = mapUniter;
			productName = mapUniter;
			productReference = 9B39C9CF1DFCBAA900EFBFB1 /* mapUniter */;
			productType = "com.apple.product-type.tool";
		};
		9B39C9DD1DFCBB3700EFBFB1 /* abg2findhap */ = {
			isa = PBXNativeTarget;
			buildConfigurationList = 9B39C9E21DFCBB3700EFBFB1 /* Build configuration list for PBXNativeTarget "abg2findhap" */;
			buildPhases = (
				9B39C9DA1DFCBB3700EFBFB1 /* Sources */,
				9B39C9DB1DFCBB3700EFBFB1 /* Frameworks */,
				9B39C9DC1DFCBB3700EFBFB1 /* CopyFiles */,
			);
			buildRules = (
			);
			dependencies = (
			);
			name = abg2findhap;
			productName = abg2findhap;
			productReference = 9B39C9DE1DFCBB3700EFBFB1 /* abg2findhap */;
			productType = "com.apple.product-type.tool";
		};
		9B39C9F01DFCBCC500EFBFB1 /* fhout2fiout */ = {
			isa = PBXNativeTarget;
			buildConfigurationList = 9B39C9F51DFCBCC500EFBFB1 /* Build configuration list for PBXNativeTarget "fhout2fiout" */;
			buildPhases = (
				9B39C9ED1DFCBCC500EFBFB1 /* Sources */,
				9B39C9EE1DFCBCC500EFBFB1 /* Frameworks */,
				9B39C9EF1DFCBCC500EFBFB1 /* CopyFiles */,
			);
			buildRules = (
			);
			dependencies = (
			);
			name = fhout2fiout;
			productName = fhout2fiout;
			productReference = 9B39C9F11DFCBCC500EFBFB1 /* fhout2fiout */;
			productType = "com.apple.product-type.tool";
		};
		9B39C9FD1DFCBCFB00EFBFB1 /* fhout2hapview */ = {
			isa = PBXNativeTarget;
			buildConfigurationList = 9B39CA021DFCBCFB00EFBFB1 /* Build configuration list for PBXNativeTarget "fhout2hapview" */;
			buildPhases = (
				9B39C9FA1DFCBCFB00EFBFB1 /* Sources */,
				9B39C9FB1DFCBCFB00EFBFB1 /* Frameworks */,
				9B39C9FC1DFCBCFB00EFBFB1 /* CopyFiles */,
			);
			buildRules = (
			);
			dependencies = (
			);
			name = fhout2hapview;
			productName = fhout2hapview;
			productReference = 9B39C9FE1DFCBCFB00EFBFB1 /* fhout2hapview */;
			productType = "com.apple.product-type.tool";
		};
		9B39CA0A1DFCBE8A00EFBFB1 /* fout2abg */ = {
			isa = PBXNativeTarget;
			buildConfigurationList = 9B39CA0F1DFCBE8A00EFBFB1 /* Build configuration list for PBXNativeTarget "fout2abg" */;
			buildPhases = (
				9B39CA071DFCBE8A00EFBFB1 /* Sources */,
				9B39CA081DFCBE8A00EFBFB1 /* Frameworks */,
				9B39CA091DFCBE8A00EFBFB1 /* CopyFiles */,
			);
			buildRules = (
			);
			dependencies = (
			);
			name = fout2abg;
			productName = fout2abg;
			productReference = 9B39CA0B1DFCBE8A00EFBFB1 /* fout2abg */;
			productType = "com.apple.product-type.tool";
		};
		9B39CA1B1DFCBFC800EFBFB1 /* fout2haplotype */ = {
			isa = PBXNativeTarget;
			buildConfigurationList = 9B39CA201DFCBFC800EFBFB1 /* Build configuration list for PBXNativeTarget "fout2haplotype" */;
			buildPhases = (
				9B39CA181DFCBFC800EFBFB1 /* Sources */,
				9B39CA191DFCBFC800EFBFB1 /* Frameworks */,
				9B39CA1A1DFCBFC800EFBFB1 /* CopyFiles */,
			);
			buildRules = (
			);
			dependencies = (
			);
			name = fout2haplotype;
			productName = fout2haplotype;
			productReference = 9B39CA1C1DFCBFC800EFBFB1 /* fout2haplotype */;
			productType = "com.apple.product-type.tool";
		};
		9B39CA2B1DFCC2E000EFBFB1 /* abg2M */ = {
			isa = PBXNativeTarget;
			buildConfigurationList = 9B39CA301DFCC2E000EFBFB1 /* Build configuration list for PBXNativeTarget "abg2M" */;
			buildPhases = (
				9B39CA281DFCC2E000EFBFB1 /* Sources */,
				9B39CA291DFCC2E000EFBFB1 /* Frameworks */,
				9B39CA2A1DFCC2E000EFBFB1 /* CopyFiles */,
			);
			buildRules = (
			);
			dependencies = (
			);
			name = abg2M;
			productName = abg2M;
			productReference = 9B39CA2C1DFCC2E000EFBFB1 /* abg2M */;
			productType = "com.apple.product-type.tool";
		};
		9B39CA381DFCC4C300EFBFB1 /* bout2genotype */ = {
			isa = PBXNativeTarget;
			buildConfigurationList = 9B39CA3D1DFCC4C300EFBFB1 /* Build configuration list for PBXNativeTarget "bout2genotype" */;
			buildPhases = (
				9B39CA351DFCC4C300EFBFB1 /* Sources */,
				9B39CA361DFCC4C300EFBFB1 /* Frameworks */,
				9B39CA371DFCC4C300EFBFB1 /* CopyFiles */,
			);
			buildRules = (
			);
			dependencies = (
			);
			name = bout2genotype;
			productName = bout2abg;
			productReference = 9B39CA391DFCC4C300EFBFB1 /* bout2genotype */;
			productType = "com.apple.product-type.tool";
		};
		9B39CA531DFCC89400EFBFB1 /* bout2haplotype */ = {
			isa = PBXNativeTarget;
			buildConfigurationList = 9B39CA581DFCC89400EFBFB1 /* Build configuration list for PBXNativeTarget "bout2haplotype" */;
			buildPhases = (
				9B39CA501DFCC89400EFBFB1 /* Sources */,
				9B39CA511DFCC89400EFBFB1 /* Frameworks */,
				9B39CA521DFCC89400EFBFB1 /* CopyFiles */,
			);
			buildRules = (
			);
			dependencies = (
			);
			name = bout2haplotype;
			productName = bout2haplotype;
			productReference = 9B39CA541DFCC89400EFBFB1 /* bout2haplotype */;
			productType = "com.apple.product-type.tool";
		};
		9B39CA621DFCC97E00EFBFB1 /* vcf2haplotype */ = {
			isa = PBXNativeTarget;
			buildConfigurationList = 9B39CA671DFCC97E00EFBFB1 /* Build configuration list for PBXNativeTarget "vcf2haplotype" */;
			buildPhases = (
				9B39CA5F1DFCC97E00EFBFB1 /* Sources */,
				9B39CA601DFCC97E00EFBFB1 /* Frameworks */,
				9B39CA611DFCC97E00EFBFB1 /* CopyFiles */,
			);
			buildRules = (
			);
			dependencies = (
			);
			name = vcf2haplotype;
			productName = vcf2haplotype;
			productReference = 9B39CA631DFCC97E00EFBFB1 /* vcf2haplotype */;
			productType = "com.apple.product-type.tool";
		};
		9B44E1C718AA9490000D16FF /* SNPipeline.pooledAB2VCF41 */ = {
			isa = PBXNativeTarget;
			buildConfigurationList = 9B44E1D018AA9490000D16FF /* Build configuration list for PBXNativeTarget "SNPipeline.pooledAB2VCF41" */;
			buildPhases = (
				9B44E1C418AA9490000D16FF /* Sources */,
				9B44E1C518AA9490000D16FF /* Frameworks */,
				9B44E1C618AA9490000D16FF /* CopyFiles */,
			);
			buildRules = (
			);
			dependencies = (
			);
			name = SNPipeline.pooledAB2VCF41;
			productName = SNPipeline.pooledAB2VCF41;
			productReference = 9B44E1C818AA9490000D16FF /* SNPipeline.pooledAB2VCF41 */;
			productType = "com.apple.product-type.tool";
		};
		9B71AFBC183EB27100C285E7 /* SNPipeline */ = {
			isa = PBXNativeTarget;
			buildConfigurationList = 9B71AFC6183EB27100C285E7 /* Build configuration list for PBXNativeTarget "SNPipeline" */;
			buildPhases = (
				9B71AFB9183EB27100C285E7 /* Sources */,
				9B71AFBA183EB27100C285E7 /* Frameworks */,
				9B71AFBB183EB27100C285E7 /* CopyFiles */,
			);
			buildRules = (
			);
			dependencies = (
			);
			name = SNPipeline;
			productName = SNPipeline;
			productReference = 9B71AFBD183EB27100C285E7 /* SNPipeline */;
			productType = "com.apple.product-type.tool";
		};
		9B71AFDA183EB38600C285E7 /* SNPipeline.mergingAB */ = {
			isa = PBXNativeTarget;
			buildConfigurationList = 9B71AFE1183EB38600C285E7 /* Build configuration list for PBXNativeTarget "SNPipeline.mergingAB" */;
			buildPhases = (
				9B71AFD7183EB38600C285E7 /* Sources */,
				9B71AFD8183EB38600C285E7 /* Frameworks */,
				9B71AFD9183EB38600C285E7 /* CopyFiles */,
			);
			buildRules = (
			);
			dependencies = (
			);
			name = SNPipeline.mergingAB;
			productName = SNPipeline.mergingAB;
			productReference = 9B71AFDB183EB38600C285E7 /* SNPipeline.mergingAB */;
			productType = "com.apple.product-type.tool";
		};
		9B72C0AC18C5157F00CD599B /* SNPipeline.abg2bin */ = {
			isa = PBXNativeTarget;
			buildConfigurationList = 9B72C0B518C5157F00CD599B /* Build configuration list for PBXNativeTarget "SNPipeline.abg2bin" */;
			buildPhases = (
				9B72C0A918C5157F00CD599B /* Sources */,
				9B72C0AA18C5157F00CD599B /* Frameworks */,
				9B72C0AB18C5157F00CD599B /* CopyFiles */,
			);
			buildRules = (
			);
			dependencies = (
			);
			name = SNPipeline.abg2bin;
			productName = SNPipeline.abg2bin;
			productReference = 9B72C0AD18C5157F00CD599B /* SNPipeline.abg2bin */;
			productType = "com.apple.product-type.tool";
		};
		9B72C0B918C51A0000CD599B /* SNPipeline.abgExcl */ = {
			isa = PBXNativeTarget;
			buildConfigurationList = 9B72C0C018C51A0000CD599B /* Build configuration list for PBXNativeTarget "SNPipeline.abgExcl" */;
			buildPhases = (
				9B72C0B618C51A0000CD599B /* Sources */,
				9B72C0B718C51A0000CD599B /* Frameworks */,
				9B72C0B818C51A0000CD599B /* CopyFiles */,
			);
			buildRules = (
			);
			dependencies = (
			);
			name = SNPipeline.abgExcl;
			productName = SNPipeline.abgExcl;
			productReference = 9B72C0BA18C51A0000CD599B /* SNPipeline.abgExcl */;
			productType = "com.apple.product-type.tool";
		};
		9B8A26AC18BE9471007884B5 /* SNPipeline.VCF2AB */ = {
			isa = PBXNativeTarget;
			buildConfigurationList = 9B8A26B518BE9472007884B5 /* Build configuration list for PBXNativeTarget "SNPipeline.VCF2AB" */;
			buildPhases = (
				9B8A26A918BE9471007884B5 /* Sources */,
				9B8A26AA18BE9471007884B5 /* Frameworks */,
				9B8A26AB18BE9471007884B5 /* CopyFiles */,
			);
			buildRules = (
			);
			dependencies = (
			);
			name = SNPipeline.VCF2AB;
			productName = SNPipeline.VCF2AB;
			productReference = 9B8A26AD18BE9471007884B5 /* SNPipeline.VCF2AB */;
			productType = "com.apple.product-type.tool";
		};
		9BA4EAB91D63A664005020C3 /* gReplace */ = {
			isa = PBXNativeTarget;
			buildConfigurationList = 9BA4EAC01D63A664005020C3 /* Build configuration list for PBXNativeTarget "gReplace" */;
			buildPhases = (
				9BA4EAB61D63A664005020C3 /* Sources */,
				9BA4EAB71D63A664005020C3 /* Frameworks */,
				9BA4EAB81D63A664005020C3 /* CopyFiles */,
			);
			buildRules = (
			);
			dependencies = (
			);
			name = gReplace;
			productName = gReplace;
			productReference = 9BA4EABA1D63A664005020C3 /* gReplace */;
			productType = "com.apple.product-type.tool";
		};
		9BBF893D1D63A6CC00139818 /* ggrep */ = {
			isa = PBXNativeTarget;
			buildConfigurationList = 9BBF89421D63A6CC00139818 /* Build configuration list for PBXNativeTarget "ggrep" */;
			buildPhases = (
				9BBF893A1D63A6CC00139818 /* Sources */,
				9BBF893B1D63A6CC00139818 /* Frameworks */,
				9BBF893C1D63A6CC00139818 /* CopyFiles */,
			);
			buildRules = (
			);
			dependencies = (
			);
			name = ggrep;
			productName = ggrep;
			productReference = 9BBF893E1D63A6CC00139818 /* ggrep */;
			productType = "com.apple.product-type.tool";
		};
/* End PBXNativeTarget section */

/* Begin PBXProject section */
		9B71AFB5183EB27100C285E7 /* Project object */ = {
			isa = PBXProject;
			attributes = {
				LastUpgradeCheck = 0730;
				ORGANIZATIONNAME = "Hailin SU";
				TargetAttributes = {
					9B39C9BE1DFCB97500EFBFB1 = {
						CreatedOnToolsVersion = 7.3;
					};
					9B39C9CE1DFCBAA900EFBFB1 = {
						CreatedOnToolsVersion = 7.3;
					};
					9B39C9DD1DFCBB3700EFBFB1 = {
						CreatedOnToolsVersion = 7.3;
					};
					9B39C9F01DFCBCC500EFBFB1 = {
						CreatedOnToolsVersion = 7.3;
					};
					9B39C9FD1DFCBCFB00EFBFB1 = {
						CreatedOnToolsVersion = 7.3;
					};
					9B39CA0A1DFCBE8A00EFBFB1 = {
						CreatedOnToolsVersion = 7.3;
					};
					9B39CA1B1DFCBFC800EFBFB1 = {
						CreatedOnToolsVersion = 7.3;
					};
					9B39CA2B1DFCC2E000EFBFB1 = {
						CreatedOnToolsVersion = 7.3;
					};
					9B39CA381DFCC4C300EFBFB1 = {
						CreatedOnToolsVersion = 7.3;
					};
					9B39CA531DFCC89400EFBFB1 = {
						CreatedOnToolsVersion = 7.3;
					};
					9B39CA621DFCC97E00EFBFB1 = {
						CreatedOnToolsVersion = 7.3;
					};
					9BA4EAB91D63A664005020C3 = {
						CreatedOnToolsVersion = 7.3;
					};
					9BBF893D1D63A6CC00139818 = {
						CreatedOnToolsVersion = 7.3;
					};
				};
			};
			buildConfigurationList = 9B71AFB8183EB27100C285E7 /* Build configuration list for PBXProject "SNPipeline" */;
			compatibilityVersion = "Xcode 3.2";
			developmentRegion = English;
			hasScannedForEncodings = 0;
			knownRegions = (
				en,
			);
			mainGroup = 9B71AFB4183EB27100C285E7;
			productRefGroup = 9B71AFBE183EB27100C285E7 /* Products */;
			projectDirPath = "";
			projectRoot = "";
			targets = (
				9B71AFBC183EB27100C285E7 /* SNPipeline */,
				9B71AFDA183EB38600C285E7 /* SNPipeline.mergingAB */,
				9B37B0FC187C87EE008B6F91 /* SNPipeline.trimDown2Map */,
				9B00B9A8189AF62700B34C77 /* finalReportReformer */,
				9B44E1C718AA9490000D16FF /* SNPipeline.pooledAB2VCF41 */,
				9B8A26AC18BE9471007884B5 /* SNPipeline.VCF2AB */,
				9B72C0AC18C5157F00CD599B /* SNPipeline.abg2bin */,
				9B72C0B918C51A0000CD599B /* SNPipeline.abgExcl */,
				9BA4EAB91D63A664005020C3 /* gReplace */,
				9BBF893D1D63A6CC00139818 /* ggrep */,
				9B39C9BE1DFCB97500EFBFB1 /* abg2FImpute */,
				9B39C9CE1DFCBAA900EFBFB1 /* mapUniter */,
				9B39C9DD1DFCBB3700EFBFB1 /* abg2findhap */,
				9B39C9F01DFCBCC500EFBFB1 /* fhout2fiout */,
				9B39C9FD1DFCBCFB00EFBFB1 /* fhout2hapview */,
				9B39CA0A1DFCBE8A00EFBFB1 /* fout2abg */,
				9B39CA1B1DFCBFC800EFBFB1 /* fout2haplotype */,
				9B39CA2B1DFCC2E000EFBFB1 /* abg2M */,
				9B39CA381DFCC4C300EFBFB1 /* bout2genotype */,
				9B39CA531DFCC89400EFBFB1 /* bout2haplotype */,
				9B39CA621DFCC97E00EFBFB1 /* vcf2haplotype */,
			);
		};
/* End PBXProject section */

/* Begin PBXSourcesBuildPhase section */
		9B00B9A5189AF62700B34C77 /* Sources */ = {
			isa = PBXSourcesBuildPhase;
			buildActionMask = 2147483647;
			files = (
				9B00B9AC189AF62700B34C77 /* main.cpp in Sources */,
				9B00B9B2189AFFDD00B34C77 /* logger.cpp in Sources */,
			);
			runOnlyForDeploymentPostprocessing = 0;
		};
		9B37B0F9187C87EE008B6F91 /* Sources */ = {
			isa = PBXSourcesBuildPhase;
			buildActionMask = 2147483647;
			files = (
				9B37B100187C87EE008B6F91 /* main.cpp in Sources */,
				9B37B106187C8F12008B6F91 /* logger.cpp in Sources */,
			);
			runOnlyForDeploymentPostprocessing = 0;
		};
		9B39C9BB1DFCB97500EFBFB1 /* Sources */ = {
			isa = PBXSourcesBuildPhase;
			buildActionMask = 2147483647;
			files = (
				9B39C9C91DFCB9DE00EFBFB1 /* abg2FImpute.cpp in Sources */,
				9B39C9CA1DFCBA2A00EFBFB1 /* logger.cpp in Sources */,
			);
			runOnlyForDeploymentPostprocessing = 0;
		};
		9B39C9CB1DFCBAA900EFBFB1 /* Sources */ = {
			isa = PBXSourcesBuildPhase;
			buildActionMask = 2147483647;
			files = (
				9B39C9D81DFCBAB800EFBFB1 /* mapUniter.cpp in Sources */,
				9B39C9D91DFCBAF900EFBFB1 /* logger.cpp in Sources */,
			);
			runOnlyForDeploymentPostprocessing = 0;
		};
		9B39C9DA1DFCBB3700EFBFB1 /* Sources */ = {
			isa = PBXSourcesBuildPhase;
			buildActionMask = 2147483647;
			files = (
				9B39C9E91DFCBB4C00EFBFB1 /* abg2findhap.cpp in Sources */,
				9B39C9EC1DFCBC1800EFBFB1 /* logger.cpp in Sources */,
			);
			runOnlyForDeploymentPostprocessing = 0;
		};
		9B39C9ED1DFCBCC500EFBFB1 /* Sources */ = {
			isa = PBXSourcesBuildPhase;
			buildActionMask = 2147483647;
			files = (
				9B39C9F81DFCBCDB00EFBFB1 /* fhout2fiout.cpp in Sources */,
				9B39C9F91DFCBCE800EFBFB1 /* logger.cpp in Sources */,
			);
			runOnlyForDeploymentPostprocessing = 0;
		};
		9B39C9FA1DFCBCFB00EFBFB1 /* Sources */ = {
			isa = PBXSourcesBuildPhase;
			buildActionMask = 2147483647;
			files = (
				9B39CA051DFCBD0800EFBFB1 /* fhout2hapview.cpp in Sources */,
				9B39CA061DFCBD0D00EFBFB1 /* logger.cpp in Sources */,
			);
			runOnlyForDeploymentPostprocessing = 0;
		};
		9B39CA071DFCBE8A00EFBFB1 /* Sources */ = {
			isa = PBXSourcesBuildPhase;
			buildActionMask = 2147483647;
			files = (
				9B39CA171DFCBEF100EFBFB1 /* fout2abg.cpp in Sources */,
				9B39CA231DFCBFE200EFBFB1 /* logger.cpp in Sources */,
			);
			runOnlyForDeploymentPostprocessing = 0;
		};
		9B39CA181DFCBFC800EFBFB1 /* Sources */ = {
			isa = PBXSourcesBuildPhase;
			buildActionMask = 2147483647;
			files = (
				9B39CA241DFCBFE300EFBFB1 /* logger.cpp in Sources */,
				9B39CA271DFCC00A00EFBFB1 /* fout2haplotype.cpp in Sources */,
			);
			runOnlyForDeploymentPostprocessing = 0;
		};
		9B39CA281DFCC2E000EFBFB1 /* Sources */ = {
			isa = PBXSourcesBuildPhase;
			buildActionMask = 2147483647;
			files = (
				9B39CA341DFCC2FF00EFBFB1 /* abg2M.cpp in Sources */,
			);
			runOnlyForDeploymentPostprocessing = 0;
		};
		9B39CA351DFCC4C300EFBFB1 /* Sources */ = {
			isa = PBXSourcesBuildPhase;
			buildActionMask = 2147483647;
			files = (
				9B0E01A91DFDB096003B4C7B /* geneticMap.cpp in Sources */,
				9B0E01A81DFDB08E003B4C7B /* beagleOutput.cpp in Sources */,
				9B39CA421DFCC4F500EFBFB1 /* logger.cpp in Sources */,
				9B0E01A71DFDB043003B4C7B /* bout2genotype.cpp in Sources */,
			);
			runOnlyForDeploymentPostprocessing = 0;
		};
		9B39CA501DFCC89400EFBFB1 /* Sources */ = {
			isa = PBXSourcesBuildPhase;
			buildActionMask = 2147483647;
			files = (
				9B0E01AA1DFDB096003B4C7B /* geneticMap.cpp in Sources */,
				9B0E01AB1DFDB0A7003B4C7B /* bout2haplotype.cpp in Sources */,
				9B0E01A61DFDB031003B4C7B /* beagleOutput.cpp in Sources */,
				9B39CA5E1DFCC8EE00EFBFB1 /* logger.cpp in Sources */,
			);
			runOnlyForDeploymentPostprocessing = 0;
		};
		9B39CA5F1DFCC97E00EFBFB1 /* Sources */ = {
			isa = PBXSourcesBuildPhase;
			buildActionMask = 2147483647;
			files = (
				9B0E01A51DFDB020003B4C7B /* VCF_Record.cpp in Sources */,
				9B39CA6B1DFCC99A00EFBFB1 /* logger.cpp in Sources */,
				9B0E01A41DFDB014003B4C7B /* vcf2haplotype.cpp in Sources */,
			);
			runOnlyForDeploymentPostprocessing = 0;
		};
		9B44E1C418AA9490000D16FF /* Sources */ = {
			isa = PBXSourcesBuildPhase;
			buildActionMask = 2147483647;
			files = (
				9B44E1D318AA94C2000D16FF /* SNPipeline_pooledAB2VCF41.cpp in Sources */,
				9B44E1D418AA9589000D16FF /* logger.cpp in Sources */,
			);
			runOnlyForDeploymentPostprocessing = 0;
		};
		9B71AFB9183EB27100C285E7 /* Sources */ = {
			isa = PBXSourcesBuildPhase;
			buildActionMask = 2147483647;
			files = (
				9B0E01A11DFDAFEC003B4C7B /* geneticMap.cpp in Sources */,
				9B71AFD6183EB30500C285E7 /* SNPipeline.cpp in Sources */,
				9B5F04501899725A00ADA790 /* data.cpp in Sources */,
				9B0E01A01DFDAFEC003B4C7B /* bout2haplotype.cpp in Sources */,
				9B71AFD4183EB30500C285E7 /* logger.cpp in Sources */,
			);
			runOnlyForDeploymentPostprocessing = 0;
		};
		9B71AFD7183EB38600C285E7 /* Sources */ = {
			isa = PBXSourcesBuildPhase;
			buildActionMask = 2147483647;
			files = (
				9B71AFE5183EB3BB00C285E7 /* SNPipeline.mergingAB.cpp in Sources */,
				9B73BCFE18400399005FB272 /* logger.cpp in Sources */,
			);
			runOnlyForDeploymentPostprocessing = 0;
		};
		9B72C0A918C5157F00CD599B /* Sources */ = {
			isa = PBXSourcesBuildPhase;
			buildActionMask = 2147483647;
			files = (
				9B72C0B018C5157F00CD599B /* SNPipeline.abg2bin.cpp in Sources */,
			);
			runOnlyForDeploymentPostprocessing = 0;
		};
		9B72C0B618C51A0000CD599B /* Sources */ = {
			isa = PBXSourcesBuildPhase;
			buildActionMask = 2147483647;
			files = (
				9B72C0BD18C51A0000CD599B /* SNPipeline.abgExcl.cpp in Sources */,
			);
			runOnlyForDeploymentPostprocessing = 0;
		};
		9B8A26A918BE9471007884B5 /* Sources */ = {
			isa = PBXSourcesBuildPhase;
			buildActionMask = 2147483647;
			files = (
				9B8A26B818BE94A6007884B5 /* SNPipeline_VCF2AB.cpp in Sources */,
				9B31035318BFB06400FECEAC /* logger.cpp in Sources */,
			);
			runOnlyForDeploymentPostprocessing = 0;
		};
		9BA4EAB61D63A664005020C3 /* Sources */ = {
			isa = PBXSourcesBuildPhase;
			buildActionMask = 2147483647;
			files = (
				9BBF89391D63A6A200139818 /* gReplace.cpp in Sources */,
			);
			runOnlyForDeploymentPostprocessing = 0;
		};
		9BBF893A1D63A6CC00139818 /* Sources */ = {
			isa = PBXSourcesBuildPhase;
			buildActionMask = 2147483647;
			files = (
				9BBF89471D63A6EA00139818 /* ggrep.cpp in Sources */,
			);
			runOnlyForDeploymentPostprocessing = 0;
		};
/* End PBXSourcesBuildPhase section */

/* Begin XCBuildConfiguration section */
		9B00B9AF189AF62700B34C77 /* Debug */ = {
			isa = XCBuildConfiguration;
			buildSettings = {
				GCC_PREPROCESSOR_DEFINITIONS = (
					"DEBUG=1",
					"$(inherited)",
				);
				PRODUCT_NAME = "$(TARGET_NAME)";
			};
			name = Debug;
		};
		9B00B9B0189AF62700B34C77 /* Release */ = {
			isa = XCBuildConfiguration;
			buildSettings = {
				PRODUCT_NAME = "$(TARGET_NAME)";
			};
			name = Release;
		};
		9B37B103187C87EE008B6F91 /* Debug */ = {
			isa = XCBuildConfiguration;
			buildSettings = {
				GCC_PREPROCESSOR_DEFINITIONS = (
					"DEBUG=1",
					"$(inherited)",
				);
				PRODUCT_NAME = "$(TARGET_NAME)";
			};
			name = Debug;
		};
		9B37B104187C87EE008B6F91 /* Release */ = {
			isa = XCBuildConfiguration;
			buildSettings = {
				PRODUCT_NAME = "$(TARGET_NAME)";
			};
			name = Release;
		};
		9B39C9C31DFCB97500EFBFB1 /* Debug */ = {
			isa = XCBuildConfiguration;
			buildSettings = {
				CLANG_ANALYZER_NONNULL = YES;
				CLANG_ENABLE_MODULES = YES;
				CLANG_WARN_UNREACHABLE_CODE = YES;
				CODE_SIGN_IDENTITY = "-";
				DEBUG_INFORMATION_FORMAT = dwarf;
				ENABLE_STRICT_OBJC_MSGSEND = YES;
				GCC_NO_COMMON_BLOCKS = YES;
				GCC_WARN_UNINITIALIZED_AUTOS = YES_AGGRESSIVE;
				MACOSX_DEPLOYMENT_TARGET = 10.11;
				MTL_ENABLE_DEBUG_INFO = YES;
				PRODUCT_NAME = "$(TARGET_NAME)";
			};
			name = Debug;
		};
		9B39C9C41DFCB97500EFBFB1 /* Release */ = {
			isa = XCBuildConfiguration;
			buildSettings = {
				CLANG_ANALYZER_NONNULL = YES;
				CLANG_ENABLE_MODULES = YES;
				CLANG_WARN_UNREACHABLE_CODE = YES;
				CODE_SIGN_IDENTITY = "-";
				COPY_PHASE_STRIP = NO;
				ENABLE_STRICT_OBJC_MSGSEND = YES;
				GCC_NO_COMMON_BLOCKS = YES;
				GCC_WARN_UNINITIALIZED_AUTOS = YES_AGGRESSIVE;
				MACOSX_DEPLOYMENT_TARGET = 10.11;
				MTL_ENABLE_DEBUG_INFO = NO;
				PRODUCT_NAME = "$(TARGET_NAME)";
			};
			name = Release;
		};
		9B39C9D41DFCBAA900EFBFB1 /* Debug */ = {
			isa = XCBuildConfiguration;
			buildSettings = {
				CLANG_ANALYZER_NONNULL = YES;
				CLANG_ENABLE_MODULES = YES;
				CLANG_WARN_UNREACHABLE_CODE = YES;
				CODE_SIGN_IDENTITY = "-";
				DEBUG_INFORMATION_FORMAT = dwarf;
				ENABLE_STRICT_OBJC_MSGSEND = YES;
				GCC_NO_COMMON_BLOCKS = YES;
				GCC_WARN_UNINITIALIZED_AUTOS = YES_AGGRESSIVE;
				MACOSX_DEPLOYMENT_TARGET = 10.11;
				MTL_ENABLE_DEBUG_INFO = YES;
				PRODUCT_NAME = "$(TARGET_NAME)";
			};
			name = Debug;
		};
		9B39C9D51DFCBAA900EFBFB1 /* Release */ = {
			isa = XCBuildConfiguration;
			buildSettings = {
				CLANG_ANALYZER_NONNULL = YES;
				CLANG_ENABLE_MODULES = YES;
				CLANG_WARN_UNREACHABLE_CODE = YES;
				CODE_SIGN_IDENTITY = "-";
				COPY_PHASE_STRIP = NO;
				ENABLE_STRICT_OBJC_MSGSEND = YES;
				GCC_NO_COMMON_BLOCKS = YES;
				GCC_WARN_UNINITIALIZED_AUTOS = YES_AGGRESSIVE;
				MACOSX_DEPLOYMENT_TARGET = 10.11;
				MTL_ENABLE_DEBUG_INFO = NO;
				PRODUCT_NAME = "$(TARGET_NAME)";
			};
			name = Release;
		};
		9B39C9E31DFCBB3700EFBFB1 /* Debug */ = {
			isa = XCBuildConfiguration;
			buildSettings = {
				CLANG_ANALYZER_NONNULL = YES;
				CLANG_ENABLE_MODULES = YES;
				CLANG_WARN_UNREACHABLE_CODE = YES;
				CODE_SIGN_IDENTITY = "-";
				DEBUG_INFORMATION_FORMAT = dwarf;
				ENABLE_STRICT_OBJC_MSGSEND = YES;
				GCC_NO_COMMON_BLOCKS = YES;
				GCC_WARN_UNINITIALIZED_AUTOS = YES_AGGRESSIVE;
				MACOSX_DEPLOYMENT_TARGET = 10.11;
				MTL_ENABLE_DEBUG_INFO = YES;
				PRODUCT_NAME = "$(TARGET_NAME)";
			};
			name = Debug;
		};
		9B39C9E41DFCBB3700EFBFB1 /* Release */ = {
			isa = XCBuildConfiguration;
			buildSettings = {
				CLANG_ANALYZER_NONNULL = YES;
				CLANG_ENABLE_MODULES = YES;
				CLANG_WARN_UNREACHABLE_CODE = YES;
				CODE_SIGN_IDENTITY = "-";
				COPY_PHASE_STRIP = NO;
				ENABLE_STRICT_OBJC_MSGSEND = YES;
				GCC_NO_COMMON_BLOCKS = YES;
				GCC_WARN_UNINITIALIZED_AUTOS = YES_AGGRESSIVE;
				MACOSX_DEPLOYMENT_TARGET = 10.11;
				MTL_ENABLE_DEBUG_INFO = NO;
				PRODUCT_NAME = "$(TARGET_NAME)";
			};
			name = Release;
		};
		9B39C9F61DFCBCC500EFBFB1 /* Debug */ = {
			isa = XCBuildConfiguration;
			buildSettings = {
				CLANG_ANALYZER_NONNULL = YES;
				CLANG_ENABLE_MODULES = YES;
				CLANG_WARN_UNREACHABLE_CODE = YES;
				CODE_SIGN_IDENTITY = "-";
				DEBUG_INFORMATION_FORMAT = dwarf;
				ENABLE_STRICT_OBJC_MSGSEND = YES;
				GCC_NO_COMMON_BLOCKS = YES;
				GCC_WARN_UNINITIALIZED_AUTOS = YES_AGGRESSIVE;
				MACOSX_DEPLOYMENT_TARGET = 10.11;
				MTL_ENABLE_DEBUG_INFO = YES;
				PRODUCT_NAME = "$(TARGET_NAME)";
			};
			name = Debug;
		};
		9B39C9F71DFCBCC500EFBFB1 /* Release */ = {
			isa = XCBuildConfiguration;
			buildSettings = {
				CLANG_ANALYZER_NONNULL = YES;
				CLANG_ENABLE_MODULES = YES;
				CLANG_WARN_UNREACHABLE_CODE = YES;
				CODE_SIGN_IDENTITY = "-";
				COPY_PHASE_STRIP = NO;
				ENABLE_STRICT_OBJC_MSGSEND = YES;
				GCC_NO_COMMON_BLOCKS = YES;
				GCC_WARN_UNINITIALIZED_AUTOS = YES_AGGRESSIVE;
				MACOSX_DEPLOYMENT_TARGET = 10.11;
				MTL_ENABLE_DEBUG_INFO = NO;
				PRODUCT_NAME = "$(TARGET_NAME)";
			};
			name = Release;
		};
		9B39CA031DFCBCFB00EFBFB1 /* Debug */ = {
			isa = XCBuildConfiguration;
			buildSettings = {
				CLANG_ANALYZER_NONNULL = YES;
				CLANG_ENABLE_MODULES = YES;
				CLANG_WARN_UNREACHABLE_CODE = YES;
				CODE_SIGN_IDENTITY = "-";
				DEBUG_INFORMATION_FORMAT = dwarf;
				ENABLE_STRICT_OBJC_MSGSEND = YES;
				GCC_NO_COMMON_BLOCKS = YES;
				GCC_WARN_UNINITIALIZED_AUTOS = YES_AGGRESSIVE;
				MACOSX_DEPLOYMENT_TARGET = 10.11;
				MTL_ENABLE_DEBUG_INFO = YES;
				PRODUCT_NAME = "$(TARGET_NAME)";
			};
			name = Debug;
		};
		9B39CA041DFCBCFB00EFBFB1 /* Release */ = {
			isa = XCBuildConfiguration;
			buildSettings = {
				CLANG_ANALYZER_NONNULL = YES;
				CLANG_ENABLE_MODULES = YES;
				CLANG_WARN_UNREACHABLE_CODE = YES;
				CODE_SIGN_IDENTITY = "-";
				COPY_PHASE_STRIP = NO;
				ENABLE_STRICT_OBJC_MSGSEND = YES;
				GCC_NO_COMMON_BLOCKS = YES;
				GCC_WARN_UNINITIALIZED_AUTOS = YES_AGGRESSIVE;
				MACOSX_DEPLOYMENT_TARGET = 10.11;
				MTL_ENABLE_DEBUG_INFO = NO;
				PRODUCT_NAME = "$(TARGET_NAME)";
			};
			name = Release;
		};
		9B39CA101DFCBE8A00EFBFB1 /* Debug */ = {
			isa = XCBuildConfiguration;
			buildSettings = {
				CLANG_ANALYZER_NONNULL = YES;
				CLANG_ENABLE_MODULES = YES;
				CLANG_WARN_UNREACHABLE_CODE = YES;
				CODE_SIGN_IDENTITY = "-";
				DEBUG_INFORMATION_FORMAT = dwarf;
				ENABLE_STRICT_OBJC_MSGSEND = YES;
				GCC_NO_COMMON_BLOCKS = YES;
				GCC_WARN_UNINITIALIZED_AUTOS = YES_AGGRESSIVE;
				MACOSX_DEPLOYMENT_TARGET = 10.11;
				MTL_ENABLE_DEBUG_INFO = YES;
				PRODUCT_NAME = "$(TARGET_NAME)";
			};
			name = Debug;
		};
		9B39CA111DFCBE8A00EFBFB1 /* Release */ = {
			isa = XCBuildConfiguration;
			buildSettings = {
				CLANG_ANALYZER_NONNULL = YES;
				CLANG_ENABLE_MODULES = YES;
				CLANG_WARN_UNREACHABLE_CODE = YES;
				CODE_SIGN_IDENTITY = "-";
				COPY_PHASE_STRIP = NO;
				ENABLE_STRICT_OBJC_MSGSEND = YES;
				GCC_NO_COMMON_BLOCKS = YES;
				GCC_WARN_UNINITIALIZED_AUTOS = YES_AGGRESSIVE;
				MACOSX_DEPLOYMENT_TARGET = 10.11;
				MTL_ENABLE_DEBUG_INFO = NO;
				PRODUCT_NAME = "$(TARGET_NAME)";
			};
			name = Release;
		};
		9B39CA211DFCBFC800EFBFB1 /* Debug */ = {
			isa = XCBuildConfiguration;
			buildSettings = {
				CLANG_ANALYZER_NONNULL = YES;
				CLANG_ENABLE_MODULES = YES;
				CLANG_WARN_UNREACHABLE_CODE = YES;
				CODE_SIGN_IDENTITY = "-";
				DEBUG_INFORMATION_FORMAT = dwarf;
				ENABLE_STRICT_OBJC_MSGSEND = YES;
				GCC_NO_COMMON_BLOCKS = YES;
				GCC_WARN_UNINITIALIZED_AUTOS = YES_AGGRESSIVE;
				MACOSX_DEPLOYMENT_TARGET = 10.11;
				MTL_ENABLE_DEBUG_INFO = YES;
				PRODUCT_NAME = "$(TARGET_NAME)";
			};
			name = Debug;
		};
		9B39CA221DFCBFC800EFBFB1 /* Release */ = {
			isa = XCBuildConfiguration;
			buildSettings = {
				CLANG_ANALYZER_NONNULL = YES;
				CLANG_ENABLE_MODULES = YES;
				CLANG_WARN_UNREACHABLE_CODE = YES;
				CODE_SIGN_IDENTITY = "-";
				COPY_PHASE_STRIP = NO;
				ENABLE_STRICT_OBJC_MSGSEND = YES;
				GCC_NO_COMMON_BLOCKS = YES;
				GCC_WARN_UNINITIALIZED_AUTOS = YES_AGGRESSIVE;
				MACOSX_DEPLOYMENT_TARGET = 10.11;
				MTL_ENABLE_DEBUG_INFO = NO;
				PRODUCT_NAME = "$(TARGET_NAME)";
			};
			name = Release;
		};
		9B39CA311DFCC2E000EFBFB1 /* Debug */ = {
			isa = XCBuildConfiguration;
			buildSettings = {
				CLANG_ANALYZER_NONNULL = YES;
				CLANG_ENABLE_MODULES = YES;
				CLANG_WARN_UNREACHABLE_CODE = YES;
				CODE_SIGN_IDENTITY = "-";
				DEBUG_INFORMATION_FORMAT = dwarf;
				ENABLE_STRICT_OBJC_MSGSEND = YES;
				GCC_NO_COMMON_BLOCKS = YES;
				GCC_WARN_UNINITIALIZED_AUTOS = YES_AGGRESSIVE;
				MACOSX_DEPLOYMENT_TARGET = 10.11;
				MTL_ENABLE_DEBUG_INFO = YES;
				PRODUCT_NAME = "$(TARGET_NAME)";
			};
			name = Debug;
		};
		9B39CA321DFCC2E000EFBFB1 /* Release */ = {
			isa = XCBuildConfiguration;
			buildSettings = {
				CLANG_ANALYZER_NONNULL = YES;
				CLANG_ENABLE_MODULES = YES;
				CLANG_WARN_UNREACHABLE_CODE = YES;
				CODE_SIGN_IDENTITY = "-";
				COPY_PHASE_STRIP = NO;
				ENABLE_STRICT_OBJC_MSGSEND = YES;
				GCC_NO_COMMON_BLOCKS = YES;
				GCC_WARN_UNINITIALIZED_AUTOS = YES_AGGRESSIVE;
				MACOSX_DEPLOYMENT_TARGET = 10.11;
				MTL_ENABLE_DEBUG_INFO = NO;
				PRODUCT_NAME = "$(TARGET_NAME)";
			};
			name = Release;
		};
		9B39CA3E1DFCC4C300EFBFB1 /* Debug */ = {
			isa = XCBuildConfiguration;
			buildSettings = {
				CLANG_ANALYZER_NONNULL = YES;
				CLANG_ENABLE_MODULES = YES;
				CLANG_WARN_UNREACHABLE_CODE = YES;
				CODE_SIGN_IDENTITY = "-";
				DEBUG_INFORMATION_FORMAT = dwarf;
				ENABLE_STRICT_OBJC_MSGSEND = YES;
				GCC_NO_COMMON_BLOCKS = YES;
				GCC_WARN_UNINITIALIZED_AUTOS = YES_AGGRESSIVE;
				MACOSX_DEPLOYMENT_TARGET = 10.11;
				MTL_ENABLE_DEBUG_INFO = YES;
				PRODUCT_NAME = "$(TARGET_NAME)";
			};
			name = Debug;
		};
		9B39CA3F1DFCC4C300EFBFB1 /* Release */ = {
			isa = XCBuildConfiguration;
			buildSettings = {
				CLANG_ANALYZER_NONNULL = YES;
				CLANG_ENABLE_MODULES = YES;
				CLANG_WARN_UNREACHABLE_CODE = YES;
				CODE_SIGN_IDENTITY = "-";
				COPY_PHASE_STRIP = NO;
				ENABLE_STRICT_OBJC_MSGSEND = YES;
				GCC_NO_COMMON_BLOCKS = YES;
				GCC_WARN_UNINITIALIZED_AUTOS = YES_AGGRESSIVE;
				MACOSX_DEPLOYMENT_TARGET = 10.11;
				MTL_ENABLE_DEBUG_INFO = NO;
				PRODUCT_NAME = "$(TARGET_NAME)";
			};
			name = Release;
		};
		9B39CA591DFCC89400EFBFB1 /* Debug */ = {
			isa = XCBuildConfiguration;
			buildSettings = {
				CLANG_ANALYZER_NONNULL = YES;
				CLANG_ENABLE_MODULES = YES;
				CLANG_WARN_UNREACHABLE_CODE = YES;
				CODE_SIGN_IDENTITY = "-";
				DEBUG_INFORMATION_FORMAT = dwarf;
				ENABLE_STRICT_OBJC_MSGSEND = YES;
				GCC_NO_COMMON_BLOCKS = YES;
				GCC_WARN_UNINITIALIZED_AUTOS = YES_AGGRESSIVE;
				MACOSX_DEPLOYMENT_TARGET = 10.11;
				MTL_ENABLE_DEBUG_INFO = YES;
				PRODUCT_NAME = "$(TARGET_NAME)";
			};
			name = Debug;
		};
		9B39CA5A1DFCC89400EFBFB1 /* Release */ = {
			isa = XCBuildConfiguration;
			buildSettings = {
				CLANG_ANALYZER_NONNULL = YES;
				CLANG_ENABLE_MODULES = YES;
				CLANG_WARN_UNREACHABLE_CODE = YES;
				CODE_SIGN_IDENTITY = "-";
				COPY_PHASE_STRIP = NO;
				ENABLE_STRICT_OBJC_MSGSEND = YES;
				GCC_NO_COMMON_BLOCKS = YES;
				GCC_WARN_UNINITIALIZED_AUTOS = YES_AGGRESSIVE;
				MACOSX_DEPLOYMENT_TARGET = 10.11;
				MTL_ENABLE_DEBUG_INFO = NO;
				PRODUCT_NAME = "$(TARGET_NAME)";
			};
			name = Release;
		};
		9B39CA681DFCC97E00EFBFB1 /* Debug */ = {
			isa = XCBuildConfiguration;
			buildSettings = {
				CLANG_ANALYZER_NONNULL = YES;
				CLANG_ENABLE_MODULES = YES;
				CLANG_WARN_UNREACHABLE_CODE = YES;
				CODE_SIGN_IDENTITY = "-";
				DEBUG_INFORMATION_FORMAT = dwarf;
				ENABLE_STRICT_OBJC_MSGSEND = YES;
				GCC_NO_COMMON_BLOCKS = YES;
				GCC_WARN_UNINITIALIZED_AUTOS = YES_AGGRESSIVE;
				MACOSX_DEPLOYMENT_TARGET = 10.11;
				MTL_ENABLE_DEBUG_INFO = YES;
				PRODUCT_NAME = "$(TARGET_NAME)";
			};
			name = Debug;
		};
		9B39CA691DFCC97E00EFBFB1 /* Release */ = {
			isa = XCBuildConfiguration;
			buildSettings = {
				CLANG_ANALYZER_NONNULL = YES;
				CLANG_ENABLE_MODULES = YES;
				CLANG_WARN_UNREACHABLE_CODE = YES;
				CODE_SIGN_IDENTITY = "-";
				COPY_PHASE_STRIP = NO;
				ENABLE_STRICT_OBJC_MSGSEND = YES;
				GCC_NO_COMMON_BLOCKS = YES;
				GCC_WARN_UNINITIALIZED_AUTOS = YES_AGGRESSIVE;
				MACOSX_DEPLOYMENT_TARGET = 10.11;
				MTL_ENABLE_DEBUG_INFO = NO;
				PRODUCT_NAME = "$(TARGET_NAME)";
			};
			name = Release;
		};
		9B44E1CE18AA9490000D16FF /* Debug */ = {
			isa = XCBuildConfiguration;
			buildSettings = {
				GCC_PREPROCESSOR_DEFINITIONS = (
					"DEBUG=1",
					"$(inherited)",
				);
				PRODUCT_NAME = "$(TARGET_NAME)";
			};
			name = Debug;
		};
		9B44E1CF18AA9490000D16FF /* Release */ = {
			isa = XCBuildConfiguration;
			buildSettings = {
				PRODUCT_NAME = "$(TARGET_NAME)";
			};
			name = Release;
		};
		9B71AFC4183EB27100C285E7 /* Debug */ = {
			isa = XCBuildConfiguration;
			buildSettings = {
				ALWAYS_SEARCH_USER_PATHS = NO;
				CLANG_CXX_LANGUAGE_STANDARD = "gnu++0x";
				CLANG_CXX_LIBRARY = "libc++";
				CLANG_ENABLE_OBJC_ARC = YES;
				CLANG_WARN_BOOL_CONVERSION = YES;
				CLANG_WARN_CONSTANT_CONVERSION = YES;
				CLANG_WARN_DIRECT_OBJC_ISA_USAGE = YES_ERROR;
				CLANG_WARN_EMPTY_BODY = YES;
				CLANG_WARN_ENUM_CONVERSION = YES;
				CLANG_WARN_INT_CONVERSION = YES;
				CLANG_WARN_OBJC_ROOT_CLASS = YES_ERROR;
				CLANG_WARN__DUPLICATE_METHOD_MATCH = YES;
				COPY_PHASE_STRIP = NO;
				ENABLE_TESTABILITY = YES;
				GCC_C_LANGUAGE_STANDARD = gnu99;
				GCC_DYNAMIC_NO_PIC = NO;
				GCC_ENABLE_OBJC_EXCEPTIONS = YES;
				GCC_OPTIMIZATION_LEVEL = 0;
				GCC_PREPROCESSOR_DEFINITIONS = (
					"DEBUG=1",
					"$(inherited)",
				);
				GCC_SYMBOLS_PRIVATE_EXTERN = NO;
				GCC_WARN_64_TO_32_BIT_CONVERSION = YES;
				GCC_WARN_ABOUT_RETURN_TYPE = YES_ERROR;
				GCC_WARN_UNDECLARED_SELECTOR = YES;
				GCC_WARN_UNINITIALIZED_AUTOS = YES;
				GCC_WARN_UNUSED_FUNCTION = YES;
				GCC_WARN_UNUSED_VARIABLE = YES;
				MACOSX_DEPLOYMENT_TARGET = 10.9;
				ONLY_ACTIVE_ARCH = YES;
				SDKROOT = macosx;
				USER_HEADER_SEARCH_PATHS = /opt/local/include/eigen3;
			};
			name = Debug;
		};
		9B71AFC5183EB27100C285E7 /* Release */ = {
			isa = XCBuildConfiguration;
			buildSettings = {
				ALWAYS_SEARCH_USER_PATHS = NO;
				CLANG_CXX_LANGUAGE_STANDARD = "gnu++0x";
				CLANG_CXX_LIBRARY = "libc++";
				CLANG_ENABLE_OBJC_ARC = YES;
				CLANG_WARN_BOOL_CONVERSION = YES;
				CLANG_WARN_CONSTANT_CONVERSION = YES;
				CLANG_WARN_DIRECT_OBJC_ISA_USAGE = YES_ERROR;
				CLANG_WARN_EMPTY_BODY = YES;
				CLANG_WARN_ENUM_CONVERSION = YES;
				CLANG_WARN_INT_CONVERSION = YES;
				CLANG_WARN_OBJC_ROOT_CLASS = YES_ERROR;
				CLANG_WARN__DUPLICATE_METHOD_MATCH = YES;
				COPY_PHASE_STRIP = YES;
				DEBUG_INFORMATION_FORMAT = "dwarf-with-dsym";
				ENABLE_NS_ASSERTIONS = NO;
				GCC_C_LANGUAGE_STANDARD = gnu99;
				GCC_ENABLE_OBJC_EXCEPTIONS = YES;
				GCC_WARN_64_TO_32_BIT_CONVERSION = YES;
				GCC_WARN_ABOUT_RETURN_TYPE = YES_ERROR;
				GCC_WARN_UNDECLARED_SELECTOR = YES;
				GCC_WARN_UNINITIALIZED_AUTOS = YES;
				GCC_WARN_UNUSED_FUNCTION = YES;
				GCC_WARN_UNUSED_VARIABLE = YES;
				MACOSX_DEPLOYMENT_TARGET = 10.9;
				SDKROOT = macosx;
				USER_HEADER_SEARCH_PATHS = /opt/local/include/eigen3;
			};
			name = Release;
		};
		9B71AFC7183EB27100C285E7 /* Debug */ = {
			isa = XCBuildConfiguration;
			buildSettings = {
				PRODUCT_NAME = "$(TARGET_NAME)";
			};
			name = Debug;
		};
		9B71AFC8183EB27100C285E7 /* Release */ = {
			isa = XCBuildConfiguration;
			buildSettings = {
				PRODUCT_NAME = "$(TARGET_NAME)";
			};
			name = Release;
		};
		9B71AFE2183EB38600C285E7 /* Debug */ = {
			isa = XCBuildConfiguration;
			buildSettings = {
				GCC_PREPROCESSOR_DEFINITIONS = (
					"DEBUG=1",
					"$(inherited)",
				);
				PRODUCT_NAME = "$(TARGET_NAME)";
			};
			name = Debug;
		};
		9B71AFE3183EB38600C285E7 /* Release */ = {
			isa = XCBuildConfiguration;
			buildSettings = {
				PRODUCT_NAME = "$(TARGET_NAME)";
			};
			name = Release;
		};
		9B72C0B318C5157F00CD599B /* Debug */ = {
			isa = XCBuildConfiguration;
			buildSettings = {
				GCC_PREPROCESSOR_DEFINITIONS = (
					"DEBUG=1",
					"$(inherited)",
				);
				PRODUCT_NAME = "$(TARGET_NAME)";
			};
			name = Debug;
		};
		9B72C0B418C5157F00CD599B /* Release */ = {
			isa = XCBuildConfiguration;
			buildSettings = {
				PRODUCT_NAME = "$(TARGET_NAME)";
			};
			name = Release;
		};
		9B72C0C118C51A0000CD599B /* Debug */ = {
			isa = XCBuildConfiguration;
			buildSettings = {
				GCC_PREPROCESSOR_DEFINITIONS = (
					"DEBUG=1",
					"$(inherited)",
				);
				PRODUCT_NAME = "$(TARGET_NAME)";
			};
			name = Debug;
		};
		9B72C0C218C51A0000CD599B /* Release */ = {
			isa = XCBuildConfiguration;
			buildSettings = {
				PRODUCT_NAME = "$(TARGET_NAME)";
			};
			name = Release;
		};
		9B8A26B318BE9472007884B5 /* Debug */ = {
			isa = XCBuildConfiguration;
			buildSettings = {
				GCC_PREPROCESSOR_DEFINITIONS = (
					"DEBUG=1",
					"$(inherited)",
				);
				PRODUCT_NAME = "$(TARGET_NAME)";
			};
			name = Debug;
		};
		9B8A26B418BE9472007884B5 /* Release */ = {
			isa = XCBuildConfiguration;
			buildSettings = {
				PRODUCT_NAME = "$(TARGET_NAME)";
			};
			name = Release;
		};
		9BA4EABE1D63A664005020C3 /* Debug */ = {
			isa = XCBuildConfiguration;
			buildSettings = {
				CLANG_ANALYZER_NONNULL = YES;
				CLANG_ENABLE_MODULES = YES;
				CLANG_WARN_UNREACHABLE_CODE = YES;
				CODE_SIGN_IDENTITY = "-";
				DEBUG_INFORMATION_FORMAT = dwarf;
				ENABLE_STRICT_OBJC_MSGSEND = YES;
				GCC_NO_COMMON_BLOCKS = YES;
				GCC_WARN_UNINITIALIZED_AUTOS = YES_AGGRESSIVE;
				MACOSX_DEPLOYMENT_TARGET = 10.11;
				MTL_ENABLE_DEBUG_INFO = YES;
				PRODUCT_NAME = "$(TARGET_NAME)";
			};
			name = Debug;
		};
		9BA4EABF1D63A664005020C3 /* Release */ = {
			isa = XCBuildConfiguration;
			buildSettings = {
				CLANG_ANALYZER_NONNULL = YES;
				CLANG_ENABLE_MODULES = YES;
				CLANG_WARN_UNREACHABLE_CODE = YES;
				CODE_SIGN_IDENTITY = "-";
				COPY_PHASE_STRIP = NO;
				ENABLE_STRICT_OBJC_MSGSEND = YES;
				GCC_NO_COMMON_BLOCKS = YES;
				GCC_WARN_UNINITIALIZED_AUTOS = YES_AGGRESSIVE;
				MACOSX_DEPLOYMENT_TARGET = 10.11;
				MTL_ENABLE_DEBUG_INFO = NO;
				PRODUCT_NAME = "$(TARGET_NAME)";
			};
			name = Release;
		};
		9BBF89431D63A6CC00139818 /* Debug */ = {
			isa = XCBuildConfiguration;
			buildSettings = {
				CLANG_ANALYZER_NONNULL = YES;
				CLANG_ENABLE_MODULES = YES;
				CLANG_WARN_UNREACHABLE_CODE = YES;
				CODE_SIGN_IDENTITY = "-";
				DEBUG_INFORMATION_FORMAT = dwarf;
				ENABLE_STRICT_OBJC_MSGSEND = YES;
				GCC_NO_COMMON_BLOCKS = YES;
				GCC_WARN_UNINITIALIZED_AUTOS = YES_AGGRESSIVE;
				MACOSX_DEPLOYMENT_TARGET = 10.11;
				MTL_ENABLE_DEBUG_INFO = YES;
				PRODUCT_NAME = "$(TARGET_NAME)";
			};
			name = Debug;
		};
		9BBF89441D63A6CC00139818 /* Release */ = {
			isa = XCBuildConfiguration;
			buildSettings = {
				CLANG_ANALYZER_NONNULL = YES;
				CLANG_ENABLE_MODULES = YES;
				CLANG_WARN_UNREACHABLE_CODE = YES;
				CODE_SIGN_IDENTITY = "-";
				COPY_PHASE_STRIP = NO;
				ENABLE_STRICT_OBJC_MSGSEND = YES;
				GCC_NO_COMMON_BLOCKS = YES;
				GCC_WARN_UNINITIALIZED_AUTOS = YES_AGGRESSIVE;
				MACOSX_DEPLOYMENT_TARGET = 10.11;
				MTL_ENABLE_DEBUG_INFO = NO;
				PRODUCT_NAME = "$(TARGET_NAME)";
			};
			name = Release;
		};
/* End XCBuildConfiguration section */

/* Begin XCConfigurationList section */
		9B00B9B1189AF62700B34C77 /* Build configuration list for PBXNativeTarget "finalReportReformer" */ = {
			isa = XCConfigurationList;
			buildConfigurations = (
				9B00B9AF189AF62700B34C77 /* Debug */,
				9B00B9B0189AF62700B34C77 /* Release */,
			);
			defaultConfigurationIsVisible = 0;
			defaultConfigurationName = Release;
		};
		9B37B105187C87EE008B6F91 /* Build configuration list for PBXNativeTarget "SNPipeline.trimDown2Map" */ = {
			isa = XCConfigurationList;
			buildConfigurations = (
				9B37B103187C87EE008B6F91 /* Debug */,
				9B37B104187C87EE008B6F91 /* Release */,
			);
			defaultConfigurationIsVisible = 0;
			defaultConfigurationName = Release;
		};
		9B39C9C51DFCB97500EFBFB1 /* Build configuration list for PBXNativeTarget "abg2FImpute" */ = {
			isa = XCConfigurationList;
			buildConfigurations = (
				9B39C9C31DFCB97500EFBFB1 /* Debug */,
				9B39C9C41DFCB97500EFBFB1 /* Release */,
			);
			defaultConfigurationIsVisible = 0;
			defaultConfigurationName = Release;
		};
		9B39C9D31DFCBAA900EFBFB1 /* Build configuration list for PBXNativeTarget "mapUniter" */ = {
			isa = XCConfigurationList;
			buildConfigurations = (
				9B39C9D41DFCBAA900EFBFB1 /* Debug */,
				9B39C9D51DFCBAA900EFBFB1 /* Release */,
			);
			defaultConfigurationIsVisible = 0;
			defaultConfigurationName = Release;
		};
		9B39C9E21DFCBB3700EFBFB1 /* Build configuration list for PBXNativeTarget "abg2findhap" */ = {
			isa = XCConfigurationList;
			buildConfigurations = (
				9B39C9E31DFCBB3700EFBFB1 /* Debug */,
				9B39C9E41DFCBB3700EFBFB1 /* Release */,
			);
			defaultConfigurationIsVisible = 0;
			defaultConfigurationName = Release;
		};
		9B39C9F51DFCBCC500EFBFB1 /* Build configuration list for PBXNativeTarget "fhout2fiout" */ = {
			isa = XCConfigurationList;
			buildConfigurations = (
				9B39C9F61DFCBCC500EFBFB1 /* Debug */,
				9B39C9F71DFCBCC500EFBFB1 /* Release */,
			);
			defaultConfigurationIsVisible = 0;
			defaultConfigurationName = Release;
		};
		9B39CA021DFCBCFB00EFBFB1 /* Build configuration list for PBXNativeTarget "fhout2hapview" */ = {
			isa = XCConfigurationList;
			buildConfigurations = (
				9B39CA031DFCBCFB00EFBFB1 /* Debug */,
				9B39CA041DFCBCFB00EFBFB1 /* Release */,
			);
			defaultConfigurationIsVisible = 0;
			defaultConfigurationName = Release;
		};
		9B39CA0F1DFCBE8A00EFBFB1 /* Build configuration list for PBXNativeTarget "fout2abg" */ = {
			isa = XCConfigurationList;
			buildConfigurations = (
				9B39CA101DFCBE8A00EFBFB1 /* Debug */,
				9B39CA111DFCBE8A00EFBFB1 /* Release */,
			);
			defaultConfigurationIsVisible = 0;
			defaultConfigurationName = Release;
		};
		9B39CA201DFCBFC800EFBFB1 /* Build configuration list for PBXNativeTarget "fout2haplotype" */ = {
			isa = XCConfigurationList;
			buildConfigurations = (
				9B39CA211DFCBFC800EFBFB1 /* Debug */,
				9B39CA221DFCBFC800EFBFB1 /* Release */,
			);
			defaultConfigurationIsVisible = 0;
			defaultConfigurationName = Release;
		};
		9B39CA301DFCC2E000EFBFB1 /* Build configuration list for PBXNativeTarget "abg2M" */ = {
			isa = XCConfigurationList;
			buildConfigurations = (
				9B39CA311DFCC2E000EFBFB1 /* Debug */,
				9B39CA321DFCC2E000EFBFB1 /* Release */,
			);
			defaultConfigurationIsVisible = 0;
			defaultConfigurationName = Release;
		};
		9B39CA3D1DFCC4C300EFBFB1 /* Build configuration list for PBXNativeTarget "bout2genotype" */ = {
			isa = XCConfigurationList;
			buildConfigurations = (
				9B39CA3E1DFCC4C300EFBFB1 /* Debug */,
				9B39CA3F1DFCC4C300EFBFB1 /* Release */,
			);
			defaultConfigurationIsVisible = 0;
			defaultConfigurationName = Release;
		};
		9B39CA581DFCC89400EFBFB1 /* Build configuration list for PBXNativeTarget "bout2haplotype" */ = {
			isa = XCConfigurationList;
			buildConfigurations = (
				9B39CA591DFCC89400EFBFB1 /* Debug */,
				9B39CA5A1DFCC89400EFBFB1 /* Release */,
			);
			defaultConfigurationIsVisible = 0;
			defaultConfigurationName = Release;
		};
		9B39CA671DFCC97E00EFBFB1 /* Build configuration list for PBXNativeTarget "vcf2haplotype" */ = {
			isa = XCConfigurationList;
			buildConfigurations = (
				9B39CA681DFCC97E00EFBFB1 /* Debug */,
				9B39CA691DFCC97E00EFBFB1 /* Release */,
			);
			defaultConfigurationIsVisible = 0;
			defaultConfigurationName = Release;
		};
		9B44E1D018AA9490000D16FF /* Build configuration list for PBXNativeTarget "SNPipeline.pooledAB2VCF41" */ = {
			isa = XCConfigurationList;
			buildConfigurations = (
				9B44E1CE18AA9490000D16FF /* Debug */,
				9B44E1CF18AA9490000D16FF /* Release */,
			);
			defaultConfigurationIsVisible = 0;
			defaultConfigurationName = Release;
		};
		9B71AFB8183EB27100C285E7 /* Build configuration list for PBXProject "SNPipeline" */ = {
			isa = XCConfigurationList;
			buildConfigurations = (
				9B71AFC4183EB27100C285E7 /* Debug */,
				9B71AFC5183EB27100C285E7 /* Release */,
			);
			defaultConfigurationIsVisible = 0;
			defaultConfigurationName = Release;
		};
		9B71AFC6183EB27100C285E7 /* Build configuration list for PBXNativeTarget "SNPipeline" */ = {
			isa = XCConfigurationList;
			buildConfigurations = (
				9B71AFC7183EB27100C285E7 /* Debug */,
				9B71AFC8183EB27100C285E7 /* Release */,
			);
			defaultConfigurationIsVisible = 0;
			defaultConfigurationName = Release;
		};
		9B71AFE1183EB38600C285E7 /* Build configuration list for PBXNativeTarget "SNPipeline.mergingAB" */ = {
			isa = XCConfigurationList;
			buildConfigurations = (
				9B71AFE2183EB38600C285E7 /* Debug */,
				9B71AFE3183EB38600C285E7 /* Release */,
			);
			defaultConfigurationIsVisible = 0;
			defaultConfigurationName = Release;
		};
		9B72C0B518C5157F00CD599B /* Build configuration list for PBXNativeTarget "SNPipeline.abg2bin" */ = {
			isa = XCConfigurationList;
			buildConfigurations = (
				9B72C0B318C5157F00CD599B /* Debug */,
				9B72C0B418C5157F00CD599B /* Release */,
			);
			defaultConfigurationIsVisible = 0;
			defaultConfigurationName = Release;
		};
		9B72C0C018C51A0000CD599B /* Build configuration list for PBXNativeTarget "SNPipeline.abgExcl" */ = {
			isa = XCConfigurationList;
			buildConfigurations = (
				9B72C0C118C51A0000CD599B /* Debug */,
				9B72C0C218C51A0000CD599B /* Release */,
			);
			defaultConfigurationIsVisible = 0;
			defaultConfigurationName = Release;
		};
		9B8A26B518BE9472007884B5 /* Build configuration list for PBXNativeTarget "SNPipeline.VCF2AB" */ = {
			isa = XCConfigurationList;
			buildConfigurations = (
				9B8A26B318BE9472007884B5 /* Debug */,
				9B8A26B418BE9472007884B5 /* Release */,
			);
			defaultConfigurationIsVisible = 0;
			defaultConfigurationName = Release;
		};
		9BA4EAC01D63A664005020C3 /* Build configuration list for PBXNativeTarget "gReplace" */ = {
			isa = XCConfigurationList;
			buildConfigurations = (
				9BA4EABE1D63A664005020C3 /* Debug */,
				9BA4EABF1D63A664005020C3 /* Release */,
			);
			defaultConfigurationIsVisible = 0;
			defaultConfigurationName = Release;
		};
		9BBF89421D63A6CC00139818 /* Build configuration list for PBXNativeTarget "ggrep" */ = {
			isa = XCConfigurationList;
			buildConfigurations = (
				9BBF89431D63A6CC00139818 /* Debug */,
				9BBF89441D63A6CC00139818 /* Release */,
			);
			defaultConfigurationIsVisible = 0;
			defaultConfigurationName = Release;
		};
/* End XCConfigurationList section */
	};
	rootObject = 9B71AFB5183EB27100C285E7 /* Project object */;
}
